{
  "nodes": {
    "blueprint": {
      "inputs": {
        "nixpkgs": [
          "llm-agents",
          "nixpkgs"
        ],
        "systems": [
          "llm-agents",
          "systems"
        ]
      },
      "locked": {
        "lastModified": 1776249299,
        "narHash": "sha256-Dt9t1TGRmJFc0xVYhttNBD6QsAgHOHCArqGa0AyjrJY=",
        "owner": "numtide",
        "repo": "blueprint",
        "rev": "56131e8628f173d24a27f6d27c0215eff57e40dd",
        "type": "github"
      },
      "original": {
        "owner": "numtide",
        "repo": "blueprint",
        "type": "github"
      }
    },
    "bun2nix": {
      "inputs": {
        "flake-parts": [
          "llm-agents",
          "flake-parts"
        ],
        "nixpkgs": [
          "llm-agents",
          "nixpkgs"
        ],
        "systems": [
          "llm-agents",
          "systems"
        ],
        "treefmt-nix": [
          "llm-agents",
          "treefmt-nix"
        ]
      },
      "locked": {
        "lastModified": 1778446047,
        "narHash": "sha256-oQvcadh2BCkrog+SGrG6YffKJrveYpjj3TdQJWaKhaM=",
        "owner": "nix-community",
        "repo": "bun2nix",
        "rev": "f2bc12af1a6369648aac41041ceeaa0b866599c6",
        "type": "github"
      },
      "original": {
        "owner": "nix-community",
        "repo": "bun2nix",
        "type": "github"
      }
    },
    "cachy-tweaks": {
      "inputs": {
        "nixpkgs": [
          "nixpkgs"
        ],
        "treefmt-nix": "treefmt-nix"
      },
      "locked": {
        "lastModified": 1772962017,
        "narHash": "sha256-xYK76RYiG+D8wWXqltvsFuOnqvgqphEUcvKE8qy1mKs=",
        "owner": "AniviaFlome",
        "repo": "cachy-tweaks-flake",
        "rev": "654aa92ea4106c4a34e018f9cad0b755da8f64ca",
        "type": "github"
      },
      "original": {
        "owner": "AniviaFlome",
        "repo": "cachy-tweaks-flake",
        "type": "github"
      }
    },
    "catppuccin": {
      "inputs": {
        "nixpkgs": "nixpkgs_2"
      },
      "locked": {
        "lastModified": 1782648384,
        "narHash": "sha256-OlHdAqdXasZk1U+Zf9n+ivqHL9kj/UD0DFO4yYTNBYc=",
        "owner": "catppuccin",
        "repo": "nix",
        "rev": "f2c7dd14ecce785c206a39466cbe227ff62e3803",
        "type": "github"
      },
      "original": {
        "owner": "catppuccin",
        "repo": "nix",
        "type": "github"
      }
    },
    "crane": {
      "locked": {
        "lastModified": 1780532242,
        "narHash": "sha256-D+BsdpxmtUwtqGoY0IXPhHgTlmqgcZKCEo1oMyn7ep0=",
        "owner": "ipetkov",
        "repo": "crane",
        "rev": "59a82a1222dd3b2080b5cc52a1a2e8d5f1b77f37",
        "type": "github"
      },
      "original": {
        "owner": "ipetkov",
        "repo": "crane",
        "type": "github"
      }
    },
    "disko": {
      "inputs": {
        "nixpkgs": [
          "nixpkgs"
        ]
      },
      "locked": {
        "lastModified": 1781152676,
        "narHash": "sha256-RxWs5ND31KzTG7wvMM+PMfUjyNpmIEr999lqNARaM5o=",
        "owner": "nix-community",
        "repo": "disko",
        "rev": "ff8702b4de27f72b4c78573dfb89ec74e36abdf1",
        "type": "github"
      },
      "original": {
        "owner": "nix-community",
        "repo": "disko",
        "type": "github"
      }
    },
    "disko_2": {
      "inputs": {
        "nixpkgs": "nixpkgs_12"
      },
      "locked": {
        "lastModified": 1746728054,
        "narHash": "sha256-eDoSOhxGEm2PykZFa/x9QG5eTH0MJdiJ9aR00VAofXE=",
        "owner": "nix-community",
        "repo": "disko",
        "rev": "ff442f5d1425feb86344c028298548024f21256d",
        "type": "github"
      },
      "original": {
        "owner": "nix-community",
        "ref": "latest",
        "repo": "disko",
        "type": "github"
      }
    },
    "dms": {
      "inputs": {
        "flake-compat": "flake-compat",
        "nixpkgs": "nixpkgs_3"
      },
      "locked": {
        "lastModified": 1782751196,
        "narHash": "sha256-sOV8DwE7qAaxK0+L8aRSSvQcSQCIA1cQxoWgnxwLQE0=",
        "owner": "AvengeMedia",
        "repo": "DankMaterialShell",
        "rev": "50570023ff215c7a9c0f318e5804e94c15f0641d",
        "type": "github"
      },
      "original": {
        "owner": "AvengeMedia",
        "repo": "DankMaterialShell",
        "type": "github"
      }
    },
    "dms-plugins": {
      "flake": false,
      "locked": {
        "lastModified": 1780332225,
        "narHash": "sha256-QkQPqP7Wmo5DLRyKNSY5NuOau4LSaSfz3DYdHDLxluA=",
        "owner": "AvengeMedia",
        "repo": "dms-plugins",
        "rev": "f4583449f12920e0a2f16808b00a860c27f0173d",
        "type": "github"
      },
      "original": {
        "owner": "AvengeMedia",
        "repo": "dms-plugins",
        "type": "github"
      }
    },
    "fenix": {
      "inputs": {
        "nixpkgs": "nixpkgs_13",
        "rust-analyzer-src": "rust-analyzer-src"
      },
      "locked": {
        "lastModified": 1753771482,
        "narHash": "sha256-7WnYHGi5xT4PCacjM/UVp+k4ZYIIXwCf6CjVqgUnGTQ=",
        "owner": "nix-community",
        "repo": "fenix",
        "rev": "8b6da138fb7baefa04a4284c63b2abefdfbd2c6d",
        "type": "github"
      },
      "original": {
        "owner": "nix-community",
        "repo": "fenix",
        "type": "github"
      }
    },
    "firefox-addons": {
      "inputs": {
        "nixpkgs": [
          "nixpkgs"
        ]
      },
      "locked": {
        "dir": "pkgs/firefox-addons",
        "lastModified": 1782619356,
        "narHash": "sha256-sde3f0uM5mEUwl6Bxom69P+9KOdpJ9YnSj0umSB2qdQ=",
        "owner": "rycee",
        "repo": "nur-expressions",
        "rev": "9ad2019bb522c7eeecd9e3e2d18dd681f697f4d0",
        "type": "gitlab"
      },
      "original": {
        "dir": "pkgs/firefox-addons",
        "owner": "rycee",
        "repo": "nur-expressions",
        "type": "gitlab"
      }
    },
    "flake-compat": {
      "flake": false,
      "locked": {
        "lastModified": 1767039857,
        "narHash": "sha256-vNpUSpF5Nuw8xvDLj2KCwwksIbjua2LZCqhV1LNRDns=",
        "owner": "NixOS",
        "repo": "flake-compat",
        "rev": "5edf11c44bc78a0d334f6334cdaf7d60d732daab",
        "type": "github"
      },
      "original": {
        "owner": "NixOS",
        "repo": "flake-compat",
        "type": "github"
      }
    },
    "flake-compat_2": {
      "locked": {
        "lastModified": 1733328505,
        "narHash": "sha256-NeCCThCEP3eCl2l/+27kNNK7QrwZB1IJCrXfrbv5oqU=",
        "rev": "ff81ac966bb2cae68946d5ed5fc4994f96d0ffec",
        "revCount": 69,
        "type": "tarball",
        "url": "https://api.flakehub.com/f/pinned/edolstra/flake-compat/1.1.0/01948eb7-9cba-704f-bbf3-3fa956735b52/source.tar.gz"
      },
      "original": {
        "type": "tarball",
        "url": "https://flakehub.com/f/edolstra/flake-compat/1.tar.gz"
      }
    },
    "flake-compat_3": {
      "locked": {
        "lastModified": 1733328505,
        "narHash": "sha256-NeCCThCEP3eCl2l/+27kNNK7QrwZB1IJCrXfrbv5oqU=",
        "rev": "ff81ac966bb2cae68946d5ed5fc4994f96d0ffec",
        "revCount": 69,
        "type": "tarball",
        "url": "https://api.flakehub.com/f/pinned/edolstra/flake-compat/1.1.0/01948eb7-9cba-704f-bbf3-3fa956735b52/source.tar.gz"
      },
      "original": {
        "type": "tarball",
        "url": "https://flakehub.com/f/edolstra/flake-compat/1.tar.gz"
      }
    },
    "flake-compat_4": {
      "flake": false,
      "locked": {
        "lastModified": 1767039857,
        "narHash": "sha256-vNpUSpF5Nuw8xvDLj2KCwwksIbjua2LZCqhV1LNRDns=",
        "owner": "edolstra",
        "repo": "flake-compat",
        "rev": "5edf11c44bc78a0d334f6334cdaf7d60d732daab",
        "type": "github"
      },
      "original": {
        "owner": "edolstra",
        "repo": "flake-compat",
        "type": "github"
      }
    },
    "flake-compat_5": {
      "flake": false,
      "locked": {
        "lastModified": 1777699697,
        "narHash": "sha256-Eg9b/rq/ECYwNwEXs5i9wHyhxNI0JrYx2srdI2uZMaQ=",
        "ref": "refs/heads/main",
        "rev": "382052b74656a369c5408822af3f2501e9b1af81",
        "revCount": 94,
        "type": "git",
        "url": "https://git.lix.systems/lix-project/flake-compat.git"
      },
      "original": {
        "type": "git",
        "url": "https://git.lix.systems/lix-project/flake-compat.git"
      }
    },
    "flake-parts": {
      "inputs": {
        "nixpkgs-lib": "nixpkgs-lib"
      },
      "locked": {
        "lastModified": 1778716662,
        "narHash": "sha256-m1Yf0wZ8j1OHjTc2UwHwyQRSnNeSgLJOd7q5Y45hzi4=",
        "owner": "hercules-ci",
        "repo": "flake-parts",
        "rev": "f7c1a2d347e4c52d5fb8d10cb4d94b5884e546fb",
        "type": "github"
      },
      "original": {
        "owner": "hercules-ci",
        "repo": "flake-parts",
        "type": "github"
      }
    },
    "flake-parts_2": {
      "inputs": {
        "nixpkgs-lib": [
          "llm-agents",
          "nixpkgs"
        ]
      },
      "locked": {
        "lastModified": 1778716662,
        "narHash": "sha256-m1Yf0wZ8j1OHjTc2UwHwyQRSnNeSgLJOd7q5Y45hzi4=",
        "owner": "hercules-ci",
        "repo": "flake-parts",
        "rev": "f7c1a2d347e4c52d5fb8d10cb4d94b5884e546fb",
        "type": "github"
      },
      "original": {
        "owner": "hercules-ci",
        "repo": "flake-parts",
        "type": "github"
      }
    },
    "flake-parts_3": {
      "inputs": {
        "nixpkgs-lib": "nixpkgs-lib_2"
      },
      "locked": {
        "lastModified": 1778716662,
        "narHash": "sha256-m1Yf0wZ8j1OHjTc2UwHwyQRSnNeSgLJOd7q5Y45hzi4=",
        "owner": "hercules-ci",
        "repo": "flake-parts",
        "rev": "f7c1a2d347e4c52d5fb8d10cb4d94b5884e546fb",
        "type": "github"
      },
      "original": {
        "owner": "hercules-ci",
        "repo": "flake-parts",
        "type": "github"
      }
    },
    "flake-parts_4": {
      "inputs": {
        "nixpkgs-lib": "nixpkgs-lib_3"
      },
      "locked": {
        "lastModified": 1778716662,
        "narHash": "sha256-m1Yf0wZ8j1OHjTc2UwHwyQRSnNeSgLJOd7q5Y45hzi4=",
        "owner": "hercules-ci",
        "repo": "flake-parts",
        "rev": "f7c1a2d347e4c52d5fb8d10cb4d94b5884e546fb",
        "type": "github"
      },
      "original": {
        "owner": "hercules-ci",
        "repo": "flake-parts",
        "type": "github"
      }
    },
    "flake-parts_5": {
      "inputs": {
        "nixpkgs-lib": "nixpkgs-lib_4"
      },
      "locked": {
        "lastModified": 1778716662,
        "narHash": "sha256-m1Yf0wZ8j1OHjTc2UwHwyQRSnNeSgLJOd7q5Y45hzi4=",
        "owner": "hercules-ci",
        "repo": "flake-parts",
        "rev": "f7c1a2d347e4c52d5fb8d10cb4d94b5884e546fb",
        "type": "github"
      },
      "original": {
        "owner": "hercules-ci",
        "repo": "flake-parts",
        "type": "github"
      }
    },
    "flake-parts_6": {
      "inputs": {
        "nixpkgs-lib": [
          "nur",
          "nixpkgs"
        ]
      },
      "locked": {
        "lastModified": 1733312601,
        "narHash": "sha256-4pDvzqnegAfRkPwO3wmwBhVi/Sye1mzps0zHWYnP88c=",
        "owner": "hercules-ci",
        "repo": "flake-parts",
        "rev": "205b12d8b7cd4802fbcb8e8ef6a0f1408781a4f9",
        "type": "github"
      },
      "original": {
        "owner": "hercules-ci",
        "repo": "flake-parts",
        "type": "github"
      }
    },
    "flake-parts_7": {
      "inputs": {
        "nixpkgs-lib": [
          "nvf",
          "nixpkgs"
        ]
      },
      "locked": {
        "lastModified": 1778716662,
        "narHash": "sha256-m1Yf0wZ8j1OHjTc2UwHwyQRSnNeSgLJOd7q5Y45hzi4=",
        "owner": "hercules-ci",
        "repo": "flake-parts",
        "rev": "f7c1a2d347e4c52d5fb8d10cb4d94b5884e546fb",
        "type": "github"
      },
      "original": {
        "owner": "hercules-ci",
        "repo": "flake-parts",
        "type": "github"
      }
    },
    "home-manager": {
      "inputs": {
        "nixpkgs": [
          "nixpkgs"
        ]
      },
      "locked": {
        "lastModified": 1782749631,
        "narHash": "sha256-slFTUgDy0KTPA4LBAmC/9SngDq8GCPdX+ZR0yQHHN1E=",
        "owner": "nix-community",
        "repo": "home-manager",
        "rev": "5d72a29fc36ac21adae6ae35568fe5ee6700850f",
        "type": "github"
      },
      "original": {
        "owner": "nix-community",
        "ref": "master",
        "repo": "home-manager",
        "type": "github"
      }
    },
    "julius-skills": {
      "flake": false,
      "locked": {
        "lastModified": 1781474188,
        "narHash": "sha256-I9cXtuQI/QEyAybA8tm1fZIrmSksURiP8L28UiNRoho=",
        "owner": "JuliusBrussee",
        "repo": "skills",
        "rev": "1fa763bf01ab01b7012b6767a564a071aa115c85",
        "type": "github"
      },
      "original": {
        "owner": "JuliusBrussee",
        "repo": "skills",
        "type": "github"
      }
    },
    "kopuz": {
      "inputs": {
        "crane": "crane",
        "nixpkgs": "nixpkgs_4",
        "rust-overlay": "rust-overlay"
      },
      "locked": {
        "lastModified": 1782753545,
        "narHash": "sha256-M2XAPYJTLyFA4QfyvKl8pwnN2ap1+UI/aYVA7H0GDs4=",
        "owner": "temidaradev",
        "repo": "kopuz",
        "rev": "d980a534fd868cbbfbbbc3167e5c3b7cfaf912b1",
        "type": "github"
      },
      "original": {
        "owner": "temidaradev",
        "repo": "kopuz",
        "type": "github"
      }
    },
    "llm-agents": {
      "inputs": {
        "blueprint": "blueprint",
        "bun2nix": "bun2nix",
        "flake-parts": "flake-parts_2",
        "nixpkgs": "nixpkgs_5",
        "systems": "systems",
        "treefmt-nix": "treefmt-nix_2"
      },
      "locked": {
        "lastModified": 1782736328,
        "narHash": "sha256-rXIHyFjb124TepVGu0tgQRyDY0b8bSVthlyyFvNQy3w=",
        "owner": "numtide",
        "repo": "llm-agents.nix",
        "rev": "a45d839e476fc3ce5c2748cd078a407ec44e3c5e",
        "type": "github"
      },
      "original": {
        "owner": "numtide",
        "repo": "llm-agents.nix",
        "type": "github"
      }
    },
    "millennium": {
      "inputs": {
        "millennium-src": "millennium-src",
        "nixpkgs": "nixpkgs_6"
      },
      "locked": {
        "dir": "packages/nix",
        "lastModified": 1782748657,
        "narHash": "sha256-myZJ9+YIhk/SyzDQMN0d1/ik9DdU9wPJ2LktjF5dAnI=",
        "owner": "SteamClientHomebrew",
        "repo": "Millennium",
        "rev": "e6dac74fdf07fce1e8f8f1c80e4d7f8f6716bb0e",
        "type": "github"
      },
      "original": {
        "dir": "packages/nix",
        "owner": "SteamClientHomebrew",
        "ref": "next",
        "repo": "Millennium",
        "type": "github"
      }
    },
    "millennium-src": {
      "flake": false,
      "locked": {
        "lastModified": 1782748533,
        "narHash": "sha256-0YkQ3+NqTJWHEAGg2hWvWkt2S65yGQ0bs6iB26T3qgg=",
        "owner": "SteamClientHomebrew",
        "repo": "Millennium",
        "rev": "d6aed733f9b2e55eca2cb973a0bef8d9e05c5fca",
        "type": "github"
      },
      "original": {
        "owner": "SteamClientHomebrew",
        "repo": "Millennium",
        "rev": "d6aed733f9b2e55eca2cb973a0bef8d9e05c5fca",
        "type": "github"
      }
    },
    "mnw": {
      "locked": {
        "lastModified": 1780772958,
        "narHash": "sha256-VKKe8r4pwCGWZ3Yr9CPN129R4S3CKLSrlYqdYz3vKpM=",
        "owner": "Gerg-L",
        "repo": "mnw",
        "rev": "0871dbf63a53610c95db04439ed8ea4d6ec9c160",
        "type": "github"
      },
      "original": {
        "owner": "Gerg-L",
        "repo": "mnw",
        "type": "github"
      }
    },
    "niri": {
      "inputs": {
        "niri-stable": "niri-stable",
        "niri-unstable": "niri-unstable",
        "nixpkgs": [
          "nixpkgs"
        ],
        "nixpkgs-stable": "nixpkgs-stable",
        "xwayland-satellite-stable": "xwayland-satellite-stable",
        "xwayland-satellite-unstable": "xwayland-satellite-unstable"
      },
      "locked": {
        "lastModified": 1772143054,
        "narHash": "sha256-kwoWPV+kLkT2cJkLKtjp4F1ytOvked4774yUXubiyJc=",
        "owner": "sodiboo",
        "repo": "niri-flake",
        "rev": "1094bdcd7c48b5ea1417aa8542c8113afd99377b",
        "type": "github"
      },
      "original": {
        "owner": "sodiboo",
        "ref": "very-refactor",
        "repo": "niri-flake",
        "type": "github"
      }
    },
    "niri-stable": {
      "flake": false,
      "locked": {
        "lastModified": 1764399944,
        "narHash": "sha256-FC9eYtSmplgxllCX4/3hJq5J3sXWKLSc7at8ZUxycVw=",
        "owner": "YaLTeR",
        "repo": "niri",
        "rev": "b35bcae35b3f9665043c335e55ed5828af77db85",
        "type": "github"
      },
      "original": {
        "owner": "YaLTeR",
        "ref": "v25.11",
        "repo": "niri",
        "type": "github"
      }
    },
    "niri-unstable": {
      "flake": false,
      "locked": {
        "lastModified": 1767598098,
        "narHash": "sha256-IyH3zaCT2JZ6fdY4vKlUz2RbDdxaryvSZWUVixKYrKM=",
        "owner": "YaLTeR",
        "repo": "niri",
        "rev": "b7eb8a635b7f75705808eaed85c016f02ae4fd2d",
        "type": "github"
      },
      "original": {
        "owner": "YaLTeR",
        "repo": "niri",
        "type": "github"
      }
    },
    "nix-flatpak": {
      "locked": {
        "lastModified": 1780908363,
        "narHash": "sha256-llGS4y3Qh1eUkli3/Y2VY9FV3GOUKFZR1E2BDftt45Q=",
        "owner": "gmodena",
        "repo": "nix-flatpak",
        "rev": "1df08625f0f8c7d6e300a0e5df7955bbb877d809",
        "type": "github"
      },
      "original": {
        "owner": "gmodena",
        "repo": "nix-flatpak",
        "type": "github"
      }
    },
    "nix-index-database": {
      "inputs": {
        "nixpkgs": [
          "nixpkgs"
        ]
      },
      "locked": {
        "lastModified": 1782636943,
        "narHash": "sha256-ripjZa7BBLwL1uS5VJF3s/VpZpWt5ZIQEvkJ/FJNpQw=",
        "owner": "nix-community",
        "repo": "nix-index-database",
        "rev": "058b1f9381fa79fcda49982370a750ff92dbba43",
        "type": "github"
      },
      "original": {
        "owner": "nix-community",
        "repo": "nix-index-database",
        "type": "github"
      }
    },
    "nix-mineral": {
      "inputs": {
        "flake-compat": "flake-compat_2",
        "flake-parts": "flake-parts_3",
        "nixpkgs": "nixpkgs_7"
      },
      "locked": {
        "lastModified": 1782520464,
        "narHash": "sha256-C3BMh2ESh9zSjoVvTRdyISmu0MD0CboUfrBBH4W+wUg=",
        "owner": "cynicsketch",
        "repo": "nix-mineral",
        "rev": "4003c5fe2afcfcc5568d26db4a70efd82204c2fa",
        "type": "github"
      },
      "original": {
        "owner": "cynicsketch",
        "repo": "nix-mineral",
        "type": "github"
      }
    },
    "nix-repository": {
      "inputs": {
        "nixpkgs": [
          "nixpkgs"
        ],
        "treefmt-nix": "treefmt-nix_3"
      },
      "locked": {
        "lastModified": 1782704087,
        "narHash": "sha256-6eftX/ToO/YyxVagm5KBs8y9A5jmfaJsW68hsn3jMAM=",
        "owner": "AniviaFlome",
        "repo": "nix-repository",
        "rev": "372415ae7a2d44f5b9f6590c9f24323a07e9f21a",
        "type": "github"
      },
      "original": {
        "owner": "AniviaFlome",
        "repo": "nix-repository",
        "type": "github"
      }
    },
    "nix-themes": {
      "inputs": {
        "nixpkgs": "nixpkgs_8"
      },
      "locked": {
        "lastModified": 1774729065,
        "narHash": "sha256-B1Kv3Og7kE9Tjxj8hflYcGMy46+oSpTbiAnCiqO6MG4=",
        "owner": "aniviaflome",
        "repo": "nix-themes",
        "rev": "4e5601d2738834bc1f0d549691dc3ec517e93026",
        "type": "github"
      },
      "original": {
        "owner": "aniviaflome",
        "repo": "nix-themes",
        "type": "github"
      }
    },
    "nix-webapps": {
      "inputs": {
        "nixpkgs": "nixpkgs_9",
        "treefmt-nix": "treefmt-nix_4"
      },
      "locked": {
        "lastModified": 1773957595,
        "narHash": "sha256-X23pgn6xk4KqDLq7LtuupC+UV99RnbDPVh9fNw4T748=",
        "owner": "AniviaFlome",
        "repo": "nix-webapps",
        "rev": "38f119c842962bb2c8f0c2e1a9789fcadb6b5aa9",
        "type": "github"
      },
      "original": {
        "owner": "AniviaFlome",
        "repo": "nix-webapps",
        "type": "github"
      }
    },
    "nixcord": {
      "inputs": {
        "flake-compat": "flake-compat_3",
        "flake-parts": "flake-parts_4",
        "nixpkgs": "nixpkgs_10",
        "nixpkgs-nixcord": "nixpkgs-nixcord"
      },
      "locked": {
        "lastModified": 1782753146,
        "narHash": "sha256-25GhG9mieEbJzGil3H+Urqt9RfcX7hc7FM0k50N+ZjQ=",
        "owner": "kaylorben",
        "repo": "nixcord",
        "rev": "1f1c2400db29aa3de2ad3e5c8045b432e6626929",
        "type": "github"
      },
      "original": {
        "owner": "kaylorben",
        "repo": "nixcord",
        "type": "github"
      }
    },
    "nixos-cli": {
      "inputs": {
        "flake-compat": "flake-compat_4",
        "flake-parts": "flake-parts_5",
        "nixpkgs": [
          "nixpkgs"
        ],
        "optnix": "optnix"
      },
      "locked": {
        "lastModified": 1780811447,
        "narHash": "sha256-H2UAcXvmdpgZi4trdX1hoJIteXdoqod5Vbs9oB+O4VY=",
        "owner": "nix-community",
        "repo": "nixos-cli",
        "rev": "fef2683f62b984a4c7b19eaf258f5dc387ec3447",
        "type": "github"
      },
      "original": {
        "owner": "nix-community",
        "repo": "nixos-cli",
        "type": "github"
      }
    },
    "nixos-hardware": {
      "inputs": {
        "nixpkgs": "nixpkgs_11"
      },
      "locked": {
        "lastModified": 1782562157,
        "narHash": "sha256-a7+T6QSeowynwZ1ZJJbP8T8ntAytvrui8kFGJmIZt2c=",
        "owner": "NixOS",
        "repo": "nixos-hardware",
        "rev": "a9cf7546a938c737b079e738de73934a13de9784",
        "type": "github"
      },
      "original": {
        "owner": "NixOS",
        "ref": "master",
        "repo": "nixos-hardware",
        "type": "github"
      }
    },
    "nixos-wizard": {
      "inputs": {
        "disko": "disko_2",
        "fenix": "fenix",
        "nixpkgs": [
          "nixpkgs"
        ]
      },
      "locked": {
        "lastModified": 1775601042,
        "narHash": "sha256-ZVw/rAnsj9gcKw5BYz3oWRFUsN0Fhxelbx/6SY729C0=",
        "owner": "km-clay",
        "repo": "nixos-wizard",
        "rev": "386def227ec27ea61bdfd9c3e7afeab7da39102a",
        "type": "github"
      },
      "original": {
        "owner": "km-clay",
        "repo": "nixos-wizard",
        "type": "github"
      }
    },
    "nixpkgs": {
      "locked": {
        "lastModified": 1754340878,
        "narHash": "sha256-lgmUyVQL9tSnvvIvBp7x1euhkkCho7n3TMzgjdvgPoU=",
        "owner": "nixos",
        "repo": "nixpkgs",
        "rev": "cab778239e705082fe97bb4990e0d24c50924c04",
        "type": "github"
      },
      "original": {
        "owner": "nixos",
        "ref": "nixpkgs-unstable",
        "repo": "nixpkgs",
        "type": "github"
      }
    },
    "nixpkgs-lib": {
      "locked": {
        "lastModified": 1777168982,
        "narHash": "sha256-GOkGPcboWE9BmGCRMLX3worL4EMnsnG8MyKmXNeYuhQ=",
        "owner": "nix-community",
        "repo": "nixpkgs.lib",
        "rev": "f5901329dade4a6ea039af1433fb087bd9c1fe14",
        "type": "github"
      },
      "original": {
        "owner": "nix-community",
        "repo": "nixpkgs.lib",
        "type": "github"
      }
    },
    "nixpkgs-lib_2": {
      "locked": {
        "lastModified": 1777168982,
        "narHash": "sha256-GOkGPcboWE9BmGCRMLX3worL4EMnsnG8MyKmXNeYuhQ=",
        "owner": "nix-community",
        "repo": "nixpkgs.lib",
        "rev": "f5901329dade4a6ea039af1433fb087bd9c1fe14",
        "type": "github"
      },
      "original": {
        "owner": "nix-community",
        "repo": "nixpkgs.lib",
        "type": "github"
      }
    },
    "nixpkgs-lib_3": {
      "locked": {
        "lastModified": 1777168982,
        "narHash": "sha256-GOkGPcboWE9BmGCRMLX3worL4EMnsnG8MyKmXNeYuhQ=",
        "owner": "nix-community",
        "repo": "nixpkgs.lib",
        "rev": "f5901329dade4a6ea039af1433fb087bd9c1fe14",
        "type": "github"
      },
      "original": {
        "owner": "nix-community",
        "repo": "nixpkgs.lib",
        "type": "github"
      }
    },
    "nixpkgs-lib_4": {
      "locked": {
        "lastModified": 1777168982,
        "narHash": "sha256-GOkGPcboWE9BmGCRMLX3worL4EMnsnG8MyKmXNeYuhQ=",
        "owner": "nix-community",
        "repo": "nixpkgs.lib",
        "rev": "f5901329dade4a6ea039af1433fb087bd9c1fe14",
        "type": "github"
      },
      "original": {
        "owner": "nix-community",
        "repo": "nixpkgs.lib",
        "type": "github"
      }
    },
    "nixpkgs-nixcord": {
      "locked": {
        "lastModified": 1781216227,
        "narHash": "sha256-9mUW6gNwoN2SWc/l0fW4svPNOulXLl8ijqKyeSOGgJE=",
        "owner": "NixOS",
        "repo": "nixpkgs",
        "rev": "a0374025a863d007d98e3297f6aa46cc3141c2f0",
        "type": "github"
      },
      "original": {
        "owner": "NixOS",
        "ref": "nixos-26.05",
        "repo": "nixpkgs",
        "type": "github"
      }
    },
    "nixpkgs-stable": {
      "locked": {
        "lastModified": 1767480499,
        "narHash": "sha256-8IQQUorUGiSmFaPnLSo2+T+rjHtiNWc+OAzeHck7N48=",
        "owner": "NixOS",
        "repo": "nixpkgs",
        "rev": "30a3c519afcf3f99e2c6df3b359aec5692054d92",
        "type": "github"
      },
      "original": {
        "owner": "NixOS",
        "ref": "nixos-25.11",
        "repo": "nixpkgs",
        "type": "github"
      }
    },
    "nixpkgs-stable_2": {
      "locked": {
        "lastModified": 1782535326,
        "narHash": "sha256-ZeRxu4yn6shd3SNF5ZUQb4r7BaVo1zBKMjRhfoNSBmw=",
        "rev": "714a5f8c4ead6b31148d829288440ed033ccc041",
        "revCount": 1007785,
        "type": "tarball",
        "url": "https://api.flakehub.com/f/pinned/NixOS/nixpkgs/0.2605.1007785%2Brev-714a5f8c4ead6b31148d829288440ed033ccc041/019f0f5e-54c8-75b0-8c86-dfcf01347d98/source.tar.gz?rev=714a5f8c4ead6b31148d829288440ed033ccc041&revCount=1007785"
      },
      "original": {
        "type": "tarball",
        "url": "https://flakehub.com/f/NixOS/nixpkgs/%2A.tar.gz"
      }
    },
    "nixpkgs_10": {
      "locked": {
        "lastModified": 1781216227,
        "narHash": "sha256-9mUW6gNwoN2SWc/l0fW4svPNOulXLl8ijqKyeSOGgJE=",
        "owner": "NixOS",
        "repo": "nixpkgs",
        "rev": "a0374025a863d007d98e3297f6aa46cc3141c2f0",
        "type": "github"
      },
      "original": {
        "owner": "NixOS",
        "ref": "nixos-26.05",
        "repo": "nixpkgs",
        "type": "github"
      }
    },
    "nixpkgs_11": {
      "locked": {
        "lastModified": 1767892417,
        "narHash": "sha256-8bW3q88CEg2u4hSP66Vf4lpbLonHz7hqDNBMcCY7E9U=",
        "rev": "3497aa5c9457a9d88d71fa93a4a8368816fbeeba",
        "type": "tarball",
        "url": "https://releases.nixos.org/nixos/unstable/nixos-26.05pre924538.3497aa5c9457/nixexprs.tar.xz"
      },
      "original": {
        "type": "tarball",
        "url": "https://channels.nixos.org/nixos-unstable/nixexprs.tar.xz"
      }
    },
    "nixpkgs_12": {
      "locked": {
        "lastModified": 1746576598,
        "narHash": "sha256-FshoQvr6Aor5SnORVvh/ZdJ1Sa2U4ZrIMwKBX5k2wu0=",
        "owner": "NixOS",
        "repo": "nixpkgs",
        "rev": "b3582c75c7f21ce0b429898980eddbbf05c68e55",
        "type": "github"
      },
      "original": {
        "owner": "NixOS",
        "ref": "nixpkgs-unstable",
        "repo": "nixpkgs",
        "type": "github"
      }
    },
    "nixpkgs_13": {
      "locked": {
        "lastModified": 1753694789,
        "narHash": "sha256-cKgvtz6fKuK1Xr5LQW/zOUiAC0oSQoA9nOISB0pJZqM=",
        "owner": "nixos",
        "repo": "nixpkgs",
        "rev": "dc9637876d0dcc8c9e5e22986b857632effeb727",
        "type": "github"
      },
      "original": {
        "owner": "nixos",
        "ref": "nixos-unstable",
        "repo": "nixpkgs",
        "type": "github"
      }
    },
    "nixpkgs_14": {
      "locked": {
        "lastModified": 1782467914,
        "narHash": "sha256-pGvFkM8N0xEkIIXDe5YYfbEAvHrk4IxBrjB/x8OomhE=",
        "owner": "nixos",
        "repo": "nixpkgs",
        "rev": "e73de5be04e0eff4190a1432b946d469c794e7b4",
        "type": "github"
      },
      "original": {
        "owner": "nixos",
        "ref": "nixos-unstable",
        "repo": "nixpkgs",
        "type": "github"
      }
    },
    "nixpkgs_15": {
      "locked": {
        "lastModified": 1781216227,
        "narHash": "sha256-9mUW6gNwoN2SWc/l0fW4svPNOulXLl8ijqKyeSOGgJE=",
        "owner": "nixos",
        "repo": "nixpkgs",
        "rev": "a0374025a863d007d98e3297f6aa46cc3141c2f0",
        "type": "github"
      },
      "original": {
        "owner": "nixos",
        "ref": "nixos-26.05",
        "repo": "nixpkgs",
        "type": "github"
      }
    },
    "nixpkgs_16": {
      "locked": {
        "lastModified": 1775888245,
        "narHash": "sha256-nwASzrRDD1JBEu/o8ekKYEXm/oJW6EMCzCRdrwcLe90=",
        "owner": "NixOS",
        "repo": "nixpkgs",
        "rev": "13043924aaa7375ce482ebe2494338e058282925",
        "type": "github"
      },
      "original": {
        "owner": "NixOS",
        "ref": "nixpkgs-unstable",
        "repo": "nixpkgs",
        "type": "github"
      }
    },
    "nixpkgs_17": {
      "locked": {
        "lastModified": 1761236834,
        "narHash": "sha256-+pthv6hrL5VLW2UqPdISGuLiUZ6SnAXdd2DdUE+fV2Q=",
        "owner": "nixos",
        "repo": "nixpkgs",
        "rev": "d5faa84122bc0a1fd5d378492efce4e289f8eac1",
        "type": "github"
      },
      "original": {
        "owner": "nixos",
        "ref": "nixpkgs-unstable",
        "repo": "nixpkgs",
        "type": "github"
      }
    },
    "nixpkgs_18": {
      "locked": {
        "lastModified": 1770107345,
        "narHash": "sha256-tbS0Ebx2PiA1FRW8mt8oejR0qMXmziJmPaU1d4kYY9g=",
        "owner": "nixos",
        "repo": "nixpkgs",
        "rev": "4533d9293756b63904b7238acb84ac8fe4c8c2c4",
        "type": "github"
      },
      "original": {
        "owner": "nixos",
        "ref": "nixpkgs-unstable",
        "repo": "nixpkgs",
        "type": "github"
      }
    },
    "nixpkgs_2": {
      "locked": {
        "lastModified": 1782175435,
        "narHash": "sha256-8d2wCNWKnd86GzKZvbuqqlS+HqMrheXkvRf0qGJ/oA0=",
        "rev": "89570f24e97e614aa34aa9ab1c927b6578a43775",
        "type": "tarball",
        "url": "https://releases.nixos.org/nixpkgs/nixpkgs-26.11pre1020805.89570f24e97e/nixexprs.tar.xz"
      },
      "original": {
        "type": "tarball",
        "url": "https://channels.nixos.org/nixpkgs-unstable/nixexprs.tar.xz"
      }
    },
    "nixpkgs_3": {
      "locked": {
        "lastModified": 1778443072,
        "narHash": "sha256-zi7/fsqM/kFdNuED//4WOCUtezGtKKqRNORjMvfwjnA=",
        "owner": "nixos",
        "repo": "nixpkgs",
        "rev": "da5ad661ba4e5ef59ba743f0d112cbc30e474f32",
        "type": "github"
      },
      "original": {
        "owner": "nixos",
        "ref": "nixos-unstable",
        "repo": "nixpkgs",
        "type": "github"
      }
    },
    "nixpkgs_4": {
      "locked": {
        "lastModified": 1781074563,
        "narHash": "sha256-d34lhgOet4IqYMnCxbIvwFBMOyTV6PT4TyNEOP0/ZhU=",
        "rev": "9ae611a455b90cf061d8f332b977e387bda8e1ca",
        "type": "tarball",
        "url": "https://releases.nixos.org/nixos/unstable/nixos-26.11pre1014179.9ae611a455b9/nixexprs.tar.xz"
      },
      "original": {
        "type": "tarball",
        "url": "https://channels.nixos.org/nixos-unstable/nixexprs.tar.xz"
      }
    },
    "nixpkgs_5": {
      "locked": {
        "lastModified": 1782636521,
        "narHash": "sha256-OG8laCOGtkxlB1JH3XqOnXxnkGJme4mQdXo5hkhCQIY=",
        "owner": "NixOS",
        "repo": "nixpkgs",
        "rev": "e1c1b84752fb0897897380a3cae9dc7fcab91ca3",
        "type": "github"
      },
      "original": {
        "owner": "NixOS",
        "ref": "nixpkgs-unstable",
        "repo": "nixpkgs",
        "type": "github"
      }
    },
    "nixpkgs_6": {
      "locked": {
        "lastModified": 1781577229,
        "narHash": "sha256-lrp67w8AulE9Ks53n27I45ADSzbOCn4H+CNW1Ck8B+8=",
        "owner": "nixos",
        "repo": "nixpkgs",
        "rev": "567a49d1913ce81ac6e9582e3553dd90a955875f",
        "type": "github"
      },
      "original": {
        "owner": "nixos",
        "repo": "nixpkgs",
        "rev": "567a49d1913ce81ac6e9582e3553dd90a955875f",
        "type": "github"
      }
    },
    "nixpkgs_7": {
      "locked": {
        "lastModified": 1780453794,
        "narHash": "sha256-bXMRa9VTsHSPXL4Cw8R6JJLQeY3Y/IP4+YJCYVmQ7FY=",
        "owner": "NixOS",
        "repo": "nixpkgs",
        "rev": "6b316287bae2ee04c9b93c8c858d930fd07d7338",
        "type": "github"
      },
      "original": {
        "owner": "NixOS",
        "ref": "nixos-26.05",
        "repo": "nixpkgs",
        "type": "github"
      }
    },
    "nixpkgs_8": {
      "locked": {
        "lastModified": 1773122722,
        "narHash": "sha256-FIqHByVqxCprNjor1NqF80F2QQoiiyqanNNefdlvOg4=",
        "owner": "NixOS",
        "repo": "nixpkgs",
        "rev": "62dc67aa6a52b4364dd75994ec00b51fbf474e50",
        "type": "github"
      },
      "original": {
        "owner": "NixOS",
        "ref": "nixos-unstable",
        "repo": "nixpkgs",
        "type": "github"
      }
    },
    "nixpkgs_9": {
      "locked": {
        "lastModified": 1763421233,
        "narHash": "sha256-Stk9ZYRkGrnnpyJ4eqt9eQtdFWRRIvMxpNRf4sIegnw=",
        "owner": "nixos",
        "repo": "nixpkgs",
        "rev": "89c2b2330e733d6cdb5eae7b899326930c2c0648",
        "type": "github"
      },
      "original": {
        "owner": "nixos",
        "ref": "nixos-unstable",
        "repo": "nixpkgs",
        "type": "github"
      }
    },
    "nur": {
      "inputs": {
        "flake-parts": "flake-parts_6",
        "nixpkgs": [
          "nixpkgs"
        ]
      },
      "locked": {
        "lastModified": 1782754919,
        "narHash": "sha256-G9XHMVJqeQrx/rXQockIOC7U/L61rYDO+9qeW2U37zs=",
        "owner": "nix-community",
        "repo": "NUR",
        "rev": "bb9b265630144c3e56e4a831865c657ee90e0e6d",
        "type": "github"
      },
      "original": {
        "owner": "nix-community",
        "repo": "NUR",
        "type": "github"
      }
    },
    "nvf": {
      "inputs": {
        "flake-compat": "flake-compat_5",
        "flake-parts": "flake-parts_7",
        "mnw": "mnw",
        "nixpkgs": "nixpkgs_15",
        "systems": "systems_2"
      },
      "locked": {
        "lastModified": 1782660650,
        "narHash": "sha256-d4Ndt82q9bhL+iKFr1reufZyE/MTdULzN3kEkXsNG88=",
        "owner": "notashelf",
        "repo": "nvf",
        "rev": "18d2d23191250c7f597d85da07d860eb05f9e1be",
        "type": "github"
      },
      "original": {
        "owner": "notashelf",
        "repo": "nvf",
        "type": "github"
      }
    },
    "optnix": {
      "inputs": {
        "flake-compat": [
          "nixos-cli",
          "flake-compat"
        ],
        "nixpkgs": [
          "nixos-cli",
          "nixpkgs"
        ]
      },
      "locked": {
        "lastModified": 1776468647,
        "narHash": "sha256-zx5O1RyRl6Fq+mvMh+JdS18aXR8644bcN9MKh2fN19M=",
        "owner": "water-sucks",
        "repo": "optnix",
        "rev": "c320dc5494c0caaca9ee4341367618c06a957709",
        "type": "github"
      },
      "original": {
        "owner": "water-sucks",
        "repo": "optnix",
        "type": "github"
      }
    },
    "plasma-manager": {
      "inputs": {
        "home-manager": [
          "home-manager"
        ],
        "nixpkgs": [
          "nixpkgs"
        ]
      },
      "locked": {
        "lastModified": 1775856943,
        "narHash": "sha256-b7Mp7P+q2Md5AGt4rjHfMcBykzMumFTen10ST++AuTU=",
        "owner": "nix-community",
        "repo": "plasma-manager",
        "rev": "a524a6160e6df89f7673ba293cf7d78b559eb1a5",
        "type": "github"
      },
      "original": {
        "owner": "nix-community",
        "repo": "plasma-manager",
        "type": "github"
      }
    },
    "root": {
      "inputs": {
        "cachy-tweaks": "cachy-tweaks",
        "catppuccin": "catppuccin",
        "disko": "disko",
        "dms": "dms",
        "dms-plugins": "dms-plugins",
        "firefox-addons": "firefox-addons",
        "flake-parts": "flake-parts",
        "home-manager": "home-manager",
        "julius-skills": "julius-skills",
        "kopuz": "kopuz",
        "llm-agents": "llm-agents",
        "millennium": "millennium",
        "niri": "niri",
        "nix-flatpak": "nix-flatpak",
        "nix-index-database": "nix-index-database",
        "nix-mineral": "nix-mineral",
        "nix-repository": "nix-repository",
        "nix-themes": "nix-themes",
        "nix-webapps": "nix-webapps",
        "nixcord": "nixcord",
        "nixos-cli": "nixos-cli",
        "nixos-hardware": "nixos-hardware",
        "nixos-wizard": "nixos-wizard",
        "nixpkgs": "nixpkgs_14",
        "nixpkgs-stable": "nixpkgs-stable_2",
        "nur": "nur",
        "nvf": "nvf",
        "plasma-manager": "plasma-manager",
        "sops-nix": "sops-nix",
        "spicetify-nix": "spicetify-nix",
        "tmenu": "tmenu",
        "treefmt-nix": "treefmt-nix_6",
        "zen-browser": "zen-browser"
      }
    },
    "rust-analyzer-src": {
      "flake": false,
      "locked": {
        "lastModified": 1753724566,
        "narHash": "sha256-DolKhpXhoehwLX+K/4xRRIeppnJHgKk6xWJdqn/vM6w=",
        "owner": "rust-lang",
        "repo": "rust-analyzer",
        "rev": "511c999bea1c3c129b8eba713bb9b809a9003d00",
        "type": "github"
      },
      "original": {
        "owner": "rust-lang",
        "ref": "nightly",
        "repo": "rust-analyzer",
        "type": "github"
      }
    },
    "rust-overlay": {
      "inputs": {
        "nixpkgs": [
          "kopuz",
          "nixpkgs"
        ]
      },
      "locked": {
        "lastModified": 1781580018,
        "narHash": "sha256-BlTedbM77FmesD2ZqR73vhFy+y77UrhefV7IYw1pDsk=",
        "owner": "oxalica",
        "repo": "rust-overlay",
        "rev": "8bceba21a1ebea535c27c4dc723a0d5a4db9e386",
        "type": "github"
      },
      "original": {
        "owner": "oxalica",
        "repo": "rust-overlay",
        "type": "github"
      }
    },
    "sops-nix": {
      "inputs": {
        "nixpkgs": "nixpkgs_16"
      },
      "locked": {
        "lastModified": 1782165805,
        "narHash": "sha256-478kKQBvK6SYTOdN2h9jhKJv94nbXRbFMfuL1WshErg=",
        "owner": "Mic92",
        "repo": "sops-nix",
        "rev": "56b24064fdcaedca53553b1a6d607fd23b613a24",
        "type": "github"
      },
      "original": {
        "owner": "Mic92",
        "repo": "sops-nix",
        "type": "github"
      }
    },
    "spicetify-nix": {
      "inputs": {
        "nixpkgs": [
          "nixpkgs"
        ],
        "systems": "systems_3"
      },
      "locked": {
        "lastModified": 1782633406,
        "narHash": "sha256-JOSMk12GgnTLVlUSCuKkqyUF6cw82wl7t7e1WuFfg5s=",
        "owner": "Gerg-L",
        "repo": "spicetify-nix",
        "rev": "5ff9a6ca9dcbad7cccea2c97d30237468b16feda",
        "type": "github"
      },
      "original": {
        "owner": "Gerg-L",
        "repo": "spicetify-nix",
        "type": "github"
      }
    },
    "systems": {
      "locked": {
        "lastModified": 1681028828,
        "narHash": "sha256-Vy1rq5AaRuLzOxct8nz4T6wlgyUR7zLU309k9mBC768=",
        "owner": "nix-systems",
        "repo": "default",
        "rev": "da67096a3b9bf56a91d16901293e51ba5b49a27e",
        "type": "github"
      },
      "original": {
        "owner": "nix-systems",
        "repo": "default",
        "type": "github"
      }
    },
    "systems_2": {
      "locked": {
        "lastModified": 1681028828,
        "narHash": "sha256-Vy1rq5AaRuLzOxct8nz4T6wlgyUR7zLU309k9mBC768=",
        "owner": "nix-systems",
        "repo": "default",
        "rev": "da67096a3b9bf56a91d16901293e51ba5b49a27e",
        "type": "github"
      },
      "original": {
        "owner": "nix-systems",
        "repo": "default",
        "type": "github"
      }
    },
    "systems_3": {
      "locked": {
        "lastModified": 1681028828,
        "narHash": "sha256-Vy1rq5AaRuLzOxct8nz4T6wlgyUR7zLU309k9mBC768=",
        "owner": "nix-systems",
        "repo": "default",
        "rev": "da67096a3b9bf56a91d16901293e51ba5b49a27e",
        "type": "github"
      },
      "original": {
        "owner": "nix-systems",
        "repo": "default",
        "type": "github"
      }
    },
    "tmenu": {
      "inputs": {
        "nixpkgs": [
          "nixpkgs"
        ],
        "treefmt-nix": "treefmt-nix_5"
      },
      "locked": {
        "lastModified": 1776521446,
        "narHash": "sha256-cZ9nz4nlcqsPitZhP0tPYcdlqj2R4jhLWvi/uAqM62U=",
        "owner": "AniviaFlome",
        "repo": "tmenu",
        "rev": "91fc00aea6cf65674c7e451d476b3cbe1be17745",
        "type": "github"
      },
      "original": {
        "owner": "AniviaFlome",
        "repo": "tmenu",
        "type": "github"
      }
    },
    "treefmt-nix": {
      "inputs": {
        "nixpkgs": "nixpkgs"
      },
      "locked": {
        "lastModified": 1760120816,
        "narHash": "sha256-gq9rdocpmRZCwLS5vsHozwB6b5nrOBDNc2kkEaTXHfg=",
        "owner": "numtide",
        "repo": "treefmt-nix",
        "rev": "761ae7aff00907b607125b2f57338b74177697ed",
        "type": "github"
      },
      "original": {
        "owner": "numtide",
        "repo": "treefmt-nix",
        "type": "github"
      }
    },
    "treefmt-nix_2": {
      "inputs": {
        "nixpkgs": [
          "llm-agents",
          "nixpkgs"
        ]
      },
      "locked": {
        "lastModified": 1780220602,
        "narHash": "sha256-eynAfOmbmxJnkp7YewvCEbShNnnYJ9gLLqkzsYtBPeM=",
        "owner": "numtide",
        "repo": "treefmt-nix",
        "rev": "db947814a175b7ca6ded66e21383d938df01c227",
        "type": "github"
      },
      "original": {
        "owner": "numtide",
        "repo": "treefmt-nix",
        "type": "github"
      }
    },
    "treefmt-nix_3": {
      "inputs": {
        "nixpkgs": [
          "nix-repository",
          "nixpkgs"
        ]
      },
      "locked": {
        "lastModified": 1775636079,
        "narHash": "sha256-pc20NRoMdiar8oPQceQT47UUZMBTiMdUuWrYu2obUP0=",
        "owner": "numtide",
        "repo": "treefmt-nix",
        "rev": "790751ff7fd3801feeaf96d7dc416a8d581265ba",
        "type": "github"
      },
      "original": {
        "owner": "numtide",
        "repo": "treefmt-nix",
        "type": "github"
      }
    },
    "treefmt-nix_4": {
      "inputs": {
        "nixpkgs": [
          "nix-webapps",
          "nixpkgs"
        ]
      },
      "locked": {
        "lastModified": 1773297127,
        "narHash": "sha256-6E/yhXP7Oy/NbXtf1ktzmU8SdVqJQ09HC/48ebEGBpk=",
        "owner": "numtide",
        "repo": "treefmt-nix",
        "rev": "71b125cd05fbfd78cab3e070b73544abe24c5016",
        "type": "github"
      },
      "original": {
        "owner": "numtide",
        "repo": "treefmt-nix",
        "type": "github"
      }
    },
    "treefmt-nix_5": {
      "inputs": {
        "nixpkgs": "nixpkgs_17"
      },
      "locked": {
        "lastModified": 1762410071,
        "narHash": "sha256-aF5fvoZeoXNPxT0bejFUBXeUjXfHLSL7g+mjR/p5TEg=",
        "owner": "numtide",
        "repo": "treefmt-nix",
        "rev": "97a30861b13c3731a84e09405414398fbf3e109f",
        "type": "github"
      },
      "original": {
        "owner": "numtide",
        "repo": "treefmt-nix",
        "type": "github"
      }
    },
    "treefmt-nix_6": {
      "inputs": {
        "nixpkgs": "nixpkgs_18"
      },
      "locked": {
        "lastModified": 1780220602,
        "narHash": "sha256-eynAfOmbmxJnkp7YewvCEbShNnnYJ9gLLqkzsYtBPeM=",
        "owner": "numtide",
        "repo": "treefmt-nix",
        "rev": "db947814a175b7ca6ded66e21383d938df01c227",
        "type": "github"
      },
      "original": {
        "owner": "numtide",
        "repo": "treefmt-nix",
        "type": "github"
      }
    },
    "xwayland-satellite-stable": {
      "flake": false,
      "locked": {
        "lastModified": 1755491097,
        "narHash": "sha256-m+9tUfsmBeF2Gn4HWa6vSITZ4Gz1eA1F5Kh62B0N4oE=",
        "owner": "Supreeeme",
        "repo": "xwayland-satellite",
        "rev": "388d291e82ffbc73be18169d39470f340707edaa",
        "type": "github"
      },
      "original": {
        "owner": "Supreeeme",
        "ref": "v0.7",
        "repo": "xwayland-satellite",
        "type": "github"
      }
    },
    "xwayland-satellite-unstable": {
      "flake": false,
      "locked": {
        "lastModified": 1766429945,
        "narHash": "sha256-9Kv4gWagx/u4RfZJzBMAoagW9ava5waxd+XoTkzqF7E=",
        "owner": "Supreeeme",
        "repo": "xwayland-satellite",
        "rev": "0dde7ca1d3a8e8c5082533d76084e2aa02bef70e",
        "type": "github"
      },
      "original": {
        "owner": "Supreeeme",
        "repo": "xwayland-satellite",
        "type": "github"
      }
    },
    "zen-browser": {
      "inputs": {
        "home-manager": [
          "home-manager"
        ],
        "nixpkgs": [
          "nixpkgs"
        ]
      },
      "locked": {
        "lastModified": 1782623843,
        "narHash": "sha256-zQdTvI8jcVfblsrWafw1ykTnCVoV94ttxb5e6drwVaI=",
        "owner": "0xc000022070",
        "repo": "zen-browser-flake",
        "rev": "c59e57b9c6ea4c86f9f3b7efc92db3cbd305d078",
        "type": "github"
      },
      "original": {
        "owner": "0xc000022070",
        "repo": "zen-browser-flake",
        "type": "github"
      }
    }
  },
  "root": "root",
  "version": 7
}
