{
  "nodes": {
    "cachy-tweaks": {
      "inputs": {
        "nixpkgs": [
          "nixpkgs"
        ],
        "treefmt-nix": "treefmt-nix"
      },
      "locked": {
        "lastModified": 1772962017,
        "narHash": "sha256-xYK76RYiG+D8wWXqltvsFuOnqvgqphEUcvKE8qy1mKs=",
        "owner": "AniviaFlome",
        "repo": "cachy-tweaks-flake",
        "rev": "654aa92ea4106c4a34e018f9cad0b755da8f64ca",
        "type": "github"
      },
      "original": {
        "owner": "AniviaFlome",
        "repo": "cachy-tweaks-flake",
        "type": "github"
      }
    },
    "catppuccin": {
      "inputs": {
        "nixpkgs": "nixpkgs_2"
      },
      "locked": {
        "lastModified": 1784366307,
        "narHash": "sha256-VKatYOZwLQ+MuNkWH6/gZYxrNeSK1Mqb7mC0H1WSu+M=",
        "owner": "catppuccin",
        "repo": "nix",
        "rev": "673f730d0fc8db3468c51575f1d3d777cc55e51f",
        "type": "github"
      },
      "original": {
        "owner": "catppuccin",
        "repo": "nix",
        "type": "github"
      }
    },
    "crane": {
      "locked": {
        "lastModified": 1783203018,
        "narHash": "sha256-G6R9IT/xwFuu+CYBWDUAok6AdC4ERC4ZfPPFtEpxnZE=",
        "owner": "ipetkov",
        "repo": "crane",
        "rev": "80db5bdc391be8a1794f6d8a2d56e3a84ebcede2",
        "type": "github"
      },
      "original": {
        "owner": "ipetkov",
        "repo": "crane",
        "type": "github"
      }
    },
    "dank-qml-common": {
      "flake": false,
      "locked": {
        "lastModified": 1784074596,
        "narHash": "sha256-/rCqHgC39mHvBDxb/dZLWCQ3W4ev94y3/1KtCRSPDp8=",
        "owner": "AvengeMedia",
        "repo": "dank-qml-common",
        "rev": "b50afcf549f7e9c8f07c85b7f3fbba867701650d",
        "type": "github"
      },
      "original": {
        "owner": "AvengeMedia",
        "repo": "dank-qml-common",
        "type": "github"
      }
    },
    "dank-qml-common_2": {
      "flake": false,
      "locked": {
        "lastModified": 1784386873,
        "narHash": "sha256-n0LKLirPnNSXYxElK1IpnybEwU0nnyso4kpsEFX88U0=",
        "owner": "AvengeMedia",
        "repo": "dank-qml-common",
        "rev": "4fa313766ab5cd2766be0f87a163305ca9af6faf",
        "type": "github"
      },
      "original": {
        "owner": "AvengeMedia",
        "repo": "dank-qml-common",
        "type": "github"
      }
    },
    "dankcalendar": {
      "inputs": {
        "dank-qml-common": "dank-qml-common",
        "nixpkgs": "nixpkgs_3"
      },
      "locked": {
        "lastModified": 1784403754,
        "narHash": "sha256-d5IJVlRpIXsLaNrOyaatrlebyWzoZeSeL0m8rffyJaM=",
        "owner": "AvengeMedia",
        "repo": "dankcalendar",
        "rev": "86298ca65920865c0167f639da8bd010bd545a7a",
        "type": "github"
      },
      "original": {
        "owner": "AvengeMedia",
        "repo": "dankcalendar",
        "type": "github"
      }
    },
    "disko": {
      "inputs": {
        "nixpkgs": [
          "nixpkgs"
        ]
      },
      "locked": {
        "lastModified": 1781152676,
        "narHash": "sha256-RxWs5ND31KzTG7wvMM+PMfUjyNpmIEr999lqNARaM5o=",
        "owner": "nix-community",
        "repo": "disko",
        "rev": "ff8702b4de27f72b4c78573dfb89ec74e36abdf1",
        "type": "github"
      },
      "original": {
        "owner": "nix-community",
        "repo": "disko",
        "type": "github"
      }
    },
    "disko_2": {
      "inputs": {
        "nixpkgs": "nixpkgs_12"
      },
      "locked": {
        "lastModified": 1746728054,
        "narHash": "sha256-eDoSOhxGEm2PykZFa/x9QG5eTH0MJdiJ9aR00VAofXE=",
        "owner": "nix-community",
        "repo": "disko",
        "rev": "ff442f5d1425feb86344c028298548024f21256d",
        "type": "github"
      },
      "original": {
        "owner": "nix-community",
        "ref": "latest",
        "repo": "disko",
        "type": "github"
      }
    },
    "dms": {
      "inputs": {
        "dank-qml-common": "dank-qml-common_2",
        "flake-compat": "flake-compat",
        "nixpkgs": "nixpkgs_4"
      },
      "locked": {
        "lastModified": 1784403741,
        "narHash": "sha256-ppzoTAAIW7x0y3z3JHHq1LKwH6dvzMY7cVKifCaKdqU=",
        "owner": "AvengeMedia",
        "repo": "DankMaterialShell",
        "rev": "069df80b22996adaff5d2f1afa96fa8d50d7a1f6",
        "type": "github"
      },
      "original": {
        "owner": "AvengeMedia",
        "repo": "DankMaterialShell",
        "type": "github"
      }
    },
    "dms-plugin-registry": {
      "inputs": {
        "nixpkgs": [
          "nixpkgs"
        ]
      },
      "locked": {
        "lastModified": 1784457376,
        "narHash": "sha256-QoEZEk3+LjLQXMrNUtE1yWummEeGR12LOGU5H6zbkvY=",
        "owner": "AvengeMedia",
        "repo": "dms-plugin-registry",
        "rev": "105655299c6ea33476e8425f15fa16ada43ab12d",
        "type": "github"
      },
      "original": {
        "owner": "AvengeMedia",
        "repo": "dms-plugin-registry",
        "type": "github"
      }
    },
    "fenix": {
      "inputs": {
        "nixpkgs": "nixpkgs_13",
        "rust-analyzer-src": "rust-analyzer-src"
      },
      "locked": {
        "lastModified": 1753771482,
        "narHash": "sha256-7WnYHGi5xT4PCacjM/UVp+k4ZYIIXwCf6CjVqgUnGTQ=",
        "owner": "nix-community",
        "repo": "fenix",
        "rev": "8b6da138fb7baefa04a4284c63b2abefdfbd2c6d",
        "type": "github"
      },
      "original": {
        "owner": "nix-community",
        "repo": "fenix",
        "type": "github"
      }
    },
    "firefox-addons": {
      "inputs": {
        "nixpkgs": [
          "nixpkgs"
        ]
      },
      "locked": {
        "dir": "pkgs/firefox-addons",
        "lastModified": 1784402804,
        "narHash": "sha256-NKjHErNuyO2x+YBUNOJy/8uKXfuMX60SLFuvZiMYdA8=",
        "owner": "rycee",
        "repo": "nur-expressions",
        "rev": "775bd8e526823ab58efe5d1fc269f2a60c3de2c1",
        "type": "gitlab"
      },
      "original": {
        "dir": "pkgs/firefox-addons",
        "owner": "rycee",
        "repo": "nur-expressions",
        "type": "gitlab"
      }
    },
    "flake-compat": {
      "flake": false,
      "locked": {
        "lastModified": 1767039857,
        "narHash": "sha256-vNpUSpF5Nuw8xvDLj2KCwwksIbjua2LZCqhV1LNRDns=",
        "owner": "NixOS",
        "repo": "flake-compat",
        "rev": "5edf11c44bc78a0d334f6334cdaf7d60d732daab",
        "type": "github"
      },
      "original": {
        "owner": "NixOS",
        "repo": "flake-compat",
        "type": "github"
      }
    },
    "flake-compat_2": {
      "locked": {
        "lastModified": 1733328505,
        "narHash": "sha256-NeCCThCEP3eCl2l/+27kNNK7QrwZB1IJCrXfrbv5oqU=",
        "rev": "ff81ac966bb2cae68946d5ed5fc4994f96d0ffec",
        "revCount": 69,
        "type": "tarball",
        "url": "https://api.flakehub.com/f/pinned/edolstra/flake-compat/1.1.0/01948eb7-9cba-704f-bbf3-3fa956735b52/source.tar.gz"
      },
      "original": {
        "type": "tarball",
        "url": "https://flakehub.com/f/edolstra/flake-compat/1.tar.gz"
      }
    },
    "flake-compat_3": {
      "locked": {
        "lastModified": 1733328505,
        "narHash": "sha256-NeCCThCEP3eCl2l/+27kNNK7QrwZB1IJCrXfrbv5oqU=",
        "rev": "ff81ac966bb2cae68946d5ed5fc4994f96d0ffec",
        "revCount": 69,
        "type": "tarball",
        "url": "https://api.flakehub.com/f/pinned/edolstra/flake-compat/1.1.0/01948eb7-9cba-704f-bbf3-3fa956735b52/source.tar.gz"
      },
      "original": {
        "type": "tarball",
        "url": "https://flakehub.com/f/edolstra/flake-compat/1.tar.gz"
      }
    },
    "flake-compat_4": {
      "flake": false,
      "locked": {
        "lastModified": 1767039857,
        "narHash": "sha256-vNpUSpF5Nuw8xvDLj2KCwwksIbjua2LZCqhV1LNRDns=",
        "owner": "edolstra",
        "repo": "flake-compat",
        "rev": "5edf11c44bc78a0d334f6334cdaf7d60d732daab",
        "type": "github"
      },
      "original": {
        "owner": "edolstra",
        "repo": "flake-compat",
        "type": "github"
      }
    },
    "flake-compat_5": {
      "flake": false,
      "locked": {
        "lastModified": 1777699697,
        "narHash": "sha256-Eg9b/rq/ECYwNwEXs5i9wHyhxNI0JrYx2srdI2uZMaQ=",
        "ref": "refs/heads/main",
        "rev": "382052b74656a369c5408822af3f2501e9b1af81",
        "revCount": 94,
        "type": "git",
        "url": "https://git.lix.systems/lix-project/flake-compat.git"
      },
      "original": {
        "type": "git",
        "url": "https://git.lix.systems/lix-project/flake-compat.git"
      }
    },
    "flake-parts": {
      "inputs": {
        "nixpkgs-lib": "nixpkgs-lib"
      },
      "locked": {
        "lastModified": 1782949081,
        "narHash": "sha256-vp6Y/Grm98ESt6ceOkWiHWyZRDV3J1RID4w+6NWK9yA=",
        "owner": "hercules-ci",
        "repo": "flake-parts",
        "rev": "17c9d6cdfc60c64f4ee8d306f9bc0b4ccb51481e",
        "type": "github"
      },
      "original": {
        "owner": "hercules-ci",
        "repo": "flake-parts",
        "type": "github"
      }
    },
    "flake-parts_2": {
      "inputs": {
        "nixpkgs-lib": "nixpkgs-lib_2"
      },
      "locked": {
        "lastModified": 1778716662,
        "narHash": "sha256-m1Yf0wZ8j1OHjTc2UwHwyQRSnNeSgLJOd7q5Y45hzi4=",
        "owner": "hercules-ci",
        "repo": "flake-parts",
        "rev": "f7c1a2d347e4c52d5fb8d10cb4d94b5884e546fb",
        "type": "github"
      },
      "original": {
        "owner": "hercules-ci",
        "repo": "flake-parts",
        "type": "github"
      }
    },
    "flake-parts_3": {
      "inputs": {
        "nixpkgs-lib": "nixpkgs-lib_3"
      },
      "locked": {
        "lastModified": 1782949081,
        "narHash": "sha256-vp6Y/Grm98ESt6ceOkWiHWyZRDV3J1RID4w+6NWK9yA=",
        "owner": "hercules-ci",
        "repo": "flake-parts",
        "rev": "17c9d6cdfc60c64f4ee8d306f9bc0b4ccb51481e",
        "type": "github"
      },
      "original": {
        "owner": "hercules-ci",
        "repo": "flake-parts",
        "type": "github"
      }
    },
    "flake-parts_4": {
      "inputs": {
        "nixpkgs-lib": "nixpkgs-lib_4"
      },
      "locked": {
        "lastModified": 1778716662,
        "narHash": "sha256-m1Yf0wZ8j1OHjTc2UwHwyQRSnNeSgLJOd7q5Y45hzi4=",
        "owner": "hercules-ci",
        "repo": "flake-parts",
        "rev": "f7c1a2d347e4c52d5fb8d10cb4d94b5884e546fb",
        "type": "github"
      },
      "original": {
        "owner": "hercules-ci",
        "repo": "flake-parts",
        "type": "github"
      }
    },
    "flake-parts_5": {
      "inputs": {
        "nixpkgs-lib": [
          "nur",
          "nixpkgs"
        ]
      },
      "locked": {
        "lastModified": 1733312601,
        "narHash": "sha256-4pDvzqnegAfRkPwO3wmwBhVi/Sye1mzps0zHWYnP88c=",
        "owner": "hercules-ci",
        "repo": "flake-parts",
        "rev": "205b12d8b7cd4802fbcb8e8ef6a0f1408781a4f9",
        "type": "github"
      },
      "original": {
        "owner": "hercules-ci",
        "repo": "flake-parts",
        "type": "github"
      }
    },
    "home-manager": {
      "inputs": {
        "nixpkgs": [
          "nixpkgs"
        ]
      },
      "locked": {
        "lastModified": 1784407317,
        "narHash": "sha256-iZrxHToDJWnvt+5LGAtvuQMTy1NZYlNEKbKaVtBJNcc=",
        "owner": "nix-community",
        "repo": "home-manager",
        "rev": "39411a8e12a5526d992e65bc7e3dc9a4414d6713",
        "type": "github"
      },
      "original": {
        "owner": "nix-community",
        "ref": "master",
        "repo": "home-manager",
        "type": "github"
      }
    },
    "julius-skills": {
      "flake": false,
      "locked": {
        "lastModified": 1783497747,
        "narHash": "sha256-+SH6Zy4qoYMU3BhO2FuPkC7h+i4rzqAEQbddatTNviE=",
        "owner": "JuliusBrussee",
        "repo": "skills",
        "rev": "e8048f01abe2b8e2563df2078d0d705c895eb09a",
        "type": "github"
      },
      "original": {
        "owner": "JuliusBrussee",
        "repo": "skills",
        "type": "github"
      }
    },
    "kopuz": {
      "inputs": {
        "crane": "crane",
        "nixpkgs": "nixpkgs_5",
        "rust-overlay": "rust-overlay"
      },
      "locked": {
        "lastModified": 1784389989,
        "narHash": "sha256-l3NcXIyYAp86a6zUNKoLJWrxbQUImfbZ5Myi40iYUpc=",
        "owner": "temidaradev",
        "repo": "kopuz",
        "rev": "8d36a387146d3b04cbe92e4db2a320aef9bf9a27",
        "type": "github"
      },
      "original": {
        "owner": "temidaradev",
        "repo": "kopuz",
        "type": "github"
      }
    },
    "millennium": {
      "inputs": {
        "millennium-src": "millennium-src",
        "nixpkgs": "nixpkgs_6"
      },
      "locked": {
        "dir": "packages/nix",
        "lastModified": 1784048235,
        "narHash": "sha256-ar1xg5HFbz6XJ/BAOo37ewfnMcsLHj0/088soIvXKIo=",
        "owner": "SteamClientHomebrew",
        "repo": "Millennium",
        "rev": "df5a3572fd2366b4aa689abd655ee48296ba1afd",
        "type": "github"
      },
      "original": {
        "dir": "packages/nix",
        "owner": "SteamClientHomebrew",
        "repo": "Millennium",
        "type": "github"
      }
    },
    "millennium-src": {
      "flake": false,
      "locked": {
        "lastModified": 1783268941,
        "narHash": "sha256-MJLJ0I48HXgfOpISTAbDMYMUdWj9A6M+jGQz4uAvwyw=",
        "owner": "SteamClientHomebrew",
        "repo": "Millennium",
        "rev": "f37f05bdbd4727d873a1ad83ce72d062ef9a0c48",
        "type": "github"
      },
      "original": {
        "owner": "SteamClientHomebrew",
        "repo": "Millennium",
        "rev": "f37f05bdbd4727d873a1ad83ce72d062ef9a0c48",
        "type": "github"
      }
    },
    "mnw": {
      "locked": {
        "lastModified": 1780772958,
        "narHash": "sha256-VKKe8r4pwCGWZ3Yr9CPN129R4S3CKLSrlYqdYz3vKpM=",
        "owner": "Gerg-L",
        "repo": "mnw",
        "rev": "0871dbf63a53610c95db04439ed8ea4d6ec9c160",
        "type": "github"
      },
      "original": {
        "owner": "Gerg-L",
        "repo": "mnw",
        "type": "github"
      }
    },
    "niri": {
      "inputs": {
        "niri-stable": "niri-stable",
        "niri-unstable": "niri-unstable",
        "nixpkgs": [
          "nixpkgs"
        ],
        "nixpkgs-stable": "nixpkgs-stable",
        "xwayland-satellite-stable": "xwayland-satellite-stable",
        "xwayland-satellite-unstable": "xwayland-satellite-unstable"
      },
      "locked": {
        "lastModified": 1772143054,
        "narHash": "sha256-kwoWPV+kLkT2cJkLKtjp4F1ytOvked4774yUXubiyJc=",
        "owner": "sodiboo",
        "repo": "niri-flake",
        "rev": "1094bdcd7c48b5ea1417aa8542c8113afd99377b",
        "type": "github"
      },
      "original": {
        "owner": "sodiboo",
        "ref": "very-refactor",
        "repo": "niri-flake",
        "type": "github"
      }
    },
    "niri-stable": {
      "flake": false,
      "locked": {
        "lastModified": 1764399944,
        "narHash": "sha256-FC9eYtSmplgxllCX4/3hJq5J3sXWKLSc7at8ZUxycVw=",
        "owner": "YaLTeR",
        "repo": "niri",
        "rev": "b35bcae35b3f9665043c335e55ed5828af77db85",
        "type": "github"
      },
      "original": {
        "owner": "YaLTeR",
        "ref": "v25.11",
        "repo": "niri",
        "type": "github"
      }
    },
    "niri-unstable": {
      "flake": false,
      "locked": {
        "lastModified": 1767598098,
        "narHash": "sha256-IyH3zaCT2JZ6fdY4vKlUz2RbDdxaryvSZWUVixKYrKM=",
        "owner": "YaLTeR",
        "repo": "niri",
        "rev": "b7eb8a635b7f75705808eaed85c016f02ae4fd2d",
        "type": "github"
      },
      "original": {
        "owner": "YaLTeR",
        "repo": "niri",
        "type": "github"
      }
    },
    "nix-flatpak": {
      "locked": {
        "lastModified": 1783368811,
        "narHash": "sha256-0H8jDwR4Kegb3heaTrH1ftbgKfZVDT8JE+46uXxDy/Q=",
        "owner": "gmodena",
        "repo": "nix-flatpak",
        "rev": "20d42f0ee98c9fe9f85e8d1de474f1409ed10d05",
        "type": "github"
      },
      "original": {
        "owner": "gmodena",
        "repo": "nix-flatpak",
        "type": "github"
      }
    },
    "nix-index-database": {
      "inputs": {
        "nixpkgs": [
          "nixpkgs"
        ]
      },
      "locked": {
        "lastModified": 1784440659,
        "narHash": "sha256-Q5kNLlWngt7TaIIZoxDKWMHjiSaNRVqr70FqWCRRfr4=",
        "owner": "nix-community",
        "repo": "nix-index-database",
        "rev": "4f8d52a3598b0dc7db7a5e7b419e3edd9d1ecfdb",
        "type": "github"
      },
      "original": {
        "owner": "nix-community",
        "repo": "nix-index-database",
        "type": "github"
      }
    },
    "nix-mineral": {
      "inputs": {
        "flake-compat": "flake-compat_2",
        "flake-parts": "flake-parts_2",
        "nixpkgs": "nixpkgs_7"
      },
      "locked": {
        "lastModified": 1783904209,
        "narHash": "sha256-9J92YCz9IH0EBFRfx6ty5hJQ78X3p6J1Pr8izieDgOw=",
        "owner": "cynicsketch",
        "repo": "nix-mineral",
        "rev": "4c7fd609d382e6d854a4924a92b86c90ff19513c",
        "type": "github"
      },
      "original": {
        "owner": "cynicsketch",
        "repo": "nix-mineral",
        "type": "github"
      }
    },
    "nix-repository": {
      "inputs": {
        "nixpkgs": [
          "nixpkgs"
        ],
        "treefmt-nix": "treefmt-nix_2"
      },
      "locked": {
        "lastModified": 1784314852,
        "narHash": "sha256-2iNi57XXbaNCUkYNTS3sv4WVX+/LuxZ/ledAcYLm9oM=",
        "owner": "AniviaFlome",
        "repo": "nix-repository",
        "rev": "4a05c57ea368cb594b37b5cddbbed3ebb3f6d523",
        "type": "github"
      },
      "original": {
        "owner": "AniviaFlome",
        "repo": "nix-repository",
        "type": "github"
      }
    },
    "nix-themes": {
      "inputs": {
        "nixpkgs": "nixpkgs_8"
      },
      "locked": {
        "lastModified": 1774729065,
        "narHash": "sha256-B1Kv3Og7kE9Tjxj8hflYcGMy46+oSpTbiAnCiqO6MG4=",
        "owner": "aniviaflome",
        "repo": "nix-themes",
        "rev": "4e5601d2738834bc1f0d549691dc3ec517e93026",
        "type": "github"
      },
      "original": {
        "owner": "aniviaflome",
        "repo": "nix-themes",
        "type": "github"
      }
    },
    "nix-webapps": {
      "inputs": {
        "nixpkgs": "nixpkgs_9",
        "treefmt-nix": "treefmt-nix_3"
      },
      "locked": {
        "lastModified": 1773957595,
        "narHash": "sha256-X23pgn6xk4KqDLq7LtuupC+UV99RnbDPVh9fNw4T748=",
        "owner": "AniviaFlome",
        "repo": "nix-webapps",
        "rev": "38f119c842962bb2c8f0c2e1a9789fcadb6b5aa9",
        "type": "github"
      },
      "original": {
        "owner": "AniviaFlome",
        "repo": "nix-webapps",
        "type": "github"
      }
    },
    "nixcord": {
      "inputs": {
        "flake-compat": "flake-compat_3",
        "flake-parts": "flake-parts_3",
        "nixpkgs": "nixpkgs_10",
        "nixpkgs-nixcord": "nixpkgs-nixcord"
      },
      "locked": {
        "lastModified": 1784459605,
        "narHash": "sha256-xHONoLYkzO3Ab8OLRWChCufW+d7tBkFfshd0rrrzrTg=",
        "owner": "kaylorben",
        "repo": "nixcord",
        "rev": "768c334b027ceaae77315054f92891e1920cae01",
        "type": "github"
      },
      "original": {
        "owner": "kaylorben",
        "repo": "nixcord",
        "type": "github"
      }
    },
    "nixos-cli": {
      "inputs": {
        "flake-compat": "flake-compat_4",
        "flake-parts": "flake-parts_4",
        "nixpkgs": [
          "nixpkgs"
        ],
        "optnix": "optnix"
      },
      "locked": {
        "lastModified": 1784453950,
        "narHash": "sha256-RbiUGTBwll3fhl8ODcztpN/SzCQ6LWw/TKwavfi4VYA=",
        "owner": "nix-community",
        "repo": "nixos-cli",
        "rev": "62c0cac1cc537424ec09b3eee7474ade51099321",
        "type": "github"
      },
      "original": {
        "owner": "nix-community",
        "repo": "nixos-cli",
        "type": "github"
      }
    },
    "nixos-hardware": {
      "inputs": {
        "nixpkgs": "nixpkgs_11"
      },
      "locked": {
        "lastModified": 1784310968,
        "narHash": "sha256-rkSPTePrKqs4dg+i7ZFCq93+HrClac6oSwXX927SVjA=",
        "owner": "NixOS",
        "repo": "nixos-hardware",
        "rev": "779c32a00155994c86cde8213a8dd4df139d4355",
        "type": "github"
      },
      "original": {
        "owner": "NixOS",
        "ref": "master",
        "repo": "nixos-hardware",
        "type": "github"
      }
    },
    "nixos-wizard": {
      "inputs": {
        "disko": "disko_2",
        "fenix": "fenix",
        "nixpkgs": [
          "nixpkgs"
        ]
      },
      "locked": {
        "lastModified": 1775601042,
        "narHash": "sha256-ZVw/rAnsj9gcKw5BYz3oWRFUsN0Fhxelbx/6SY729C0=",
        "owner": "km-clay",
        "repo": "nixos-wizard",
        "rev": "386def227ec27ea61bdfd9c3e7afeab7da39102a",
        "type": "github"
      },
      "original": {
        "owner": "km-clay",
        "repo": "nixos-wizard",
        "type": "github"
      }
    },
    "nixpkgs": {
      "locked": {
        "lastModified": 1754340878,
        "narHash": "sha256-lgmUyVQL9tSnvvIvBp7x1euhkkCho7n3TMzgjdvgPoU=",
        "owner": "nixos",
        "repo": "nixpkgs",
        "rev": "cab778239e705082fe97bb4990e0d24c50924c04",
        "type": "github"
      },
      "original": {
        "owner": "nixos",
        "ref": "nixpkgs-unstable",
        "repo": "nixpkgs",
        "type": "github"
      }
    },
    "nixpkgs-lib": {
      "locked": {
        "lastModified": 1782614948,
        "narHash": "sha256-ePjCwr1sNm9NYUqywL7QfK3JnlS015msC+eBu2zKlp8=",
        "owner": "nix-community",
        "repo": "nixpkgs.lib",
        "rev": "db3f255737b94216eb71cce308e2912cf6bc2d7c",
        "type": "github"
      },
      "original": {
        "owner": "nix-community",
        "repo": "nixpkgs.lib",
        "type": "github"
      }
    },
    "nixpkgs-lib_2": {
      "locked": {
        "lastModified": 1777168982,
        "narHash": "sha256-GOkGPcboWE9BmGCRMLX3worL4EMnsnG8MyKmXNeYuhQ=",
        "owner": "nix-community",
        "repo": "nixpkgs.lib",
        "rev": "f5901329dade4a6ea039af1433fb087bd9c1fe14",
        "type": "github"
      },
      "original": {
        "owner": "nix-community",
        "repo": "nixpkgs.lib",
        "type": "github"
      }
    },
    "nixpkgs-lib_3": {
      "locked": {
        "lastModified": 1782614948,
        "narHash": "sha256-ePjCwr1sNm9NYUqywL7QfK3JnlS015msC+eBu2zKlp8=",
        "owner": "nix-community",
        "repo": "nixpkgs.lib",
        "rev": "db3f255737b94216eb71cce308e2912cf6bc2d7c",
        "type": "github"
      },
      "original": {
        "owner": "nix-community",
        "repo": "nixpkgs.lib",
        "type": "github"
      }
    },
    "nixpkgs-lib_4": {
      "locked": {
        "lastModified": 1777168982,
        "narHash": "sha256-GOkGPcboWE9BmGCRMLX3worL4EMnsnG8MyKmXNeYuhQ=",
        "owner": "nix-community",
        "repo": "nixpkgs.lib",
        "rev": "f5901329dade4a6ea039af1433fb087bd9c1fe14",
        "type": "github"
      },
      "original": {
        "owner": "nix-community",
        "repo": "nixpkgs.lib",
        "type": "github"
      }
    },
    "nixpkgs-nixcord": {
      "locked": {
        "lastModified": 1784160687,
        "narHash": "sha256-iYL/bixrb6FlHFu/gIuBYzq6c6lM5AAXsXNSWXtIgQc=",
        "owner": "NixOS",
        "repo": "nixpkgs",
        "rev": "4382ed2b7a6839d4280a9b386db49cbc5907414d",
        "type": "github"
      },
      "original": {
        "owner": "NixOS",
        "ref": "nixos-26.05",
        "repo": "nixpkgs",
        "type": "github"
      }
    },
    "nixpkgs-stable": {
      "locked": {
        "lastModified": 1767480499,
        "narHash": "sha256-8IQQUorUGiSmFaPnLSo2+T+rjHtiNWc+OAzeHck7N48=",
        "owner": "NixOS",
        "repo": "nixpkgs",
        "rev": "30a3c519afcf3f99e2c6df3b359aec5692054d92",
        "type": "github"
      },
      "original": {
        "owner": "NixOS",
        "ref": "nixos-25.11",
        "repo": "nixpkgs",
        "type": "github"
      }
    },
    "nixpkgs-stable_2": {
      "locked": {
        "lastModified": 1784280462,
        "narHash": "sha256-DtoqIqM7VkR6NxAkcLpMwmi02USwWb3JdmNGLyhthc0=",
        "rev": "293d6abedf0478e681a4dfcfcb35b30fc796a32f",
        "revCount": 1009740,
        "type": "tarball",
        "url": "https://api.flakehub.com/f/pinned/NixOS/nixpkgs/0.2605.1009740%2Brev-293d6abedf0478e681a4dfcfcb35b30fc796a32f/019f73de-20f7-7ec2-98c8-65726640dbf9/source.tar.gz?rev=293d6abedf0478e681a4dfcfcb35b30fc796a32f&revCount=1009740"
      },
      "original": {
        "type": "tarball",
        "url": "https://flakehub.com/f/NixOS/nixpkgs/%2A.tar.gz"
      }
    },
    "nixpkgs_10": {
      "locked": {
        "lastModified": 1784160687,
        "narHash": "sha256-iYL/bixrb6FlHFu/gIuBYzq6c6lM5AAXsXNSWXtIgQc=",
        "owner": "NixOS",
        "repo": "nixpkgs",
        "rev": "4382ed2b7a6839d4280a9b386db49cbc5907414d",
        "type": "github"
      },
      "original": {
        "owner": "NixOS",
        "ref": "nixos-26.05",
        "repo": "nixpkgs",
        "type": "github"
      }
    },
    "nixpkgs_11": {
      "locked": {
        "lastModified": 1767892417,
        "narHash": "sha256-8bW3q88CEg2u4hSP66Vf4lpbLonHz7hqDNBMcCY7E9U=",
        "rev": "3497aa5c9457a9d88d71fa93a4a8368816fbeeba",
        "type": "tarball",
        "url": "https://releases.nixos.org/nixos/unstable/nixos-26.05pre924538.3497aa5c9457/nixexprs.tar.xz"
      },
      "original": {
        "type": "tarball",
        "url": "https://channels.nixos.org/nixos-unstable/nixexprs.tar.xz"
      }
    },
    "nixpkgs_12": {
      "locked": {
        "lastModified": 1746576598,
        "narHash": "sha256-FshoQvr6Aor5SnORVvh/ZdJ1Sa2U4ZrIMwKBX5k2wu0=",
        "owner": "NixOS",
        "repo": "nixpkgs",
        "rev": "b3582c75c7f21ce0b429898980eddbbf05c68e55",
        "type": "github"
      },
      "original": {
        "owner": "NixOS",
        "ref": "nixpkgs-unstable",
        "repo": "nixpkgs",
        "type": "github"
      }
    },
    "nixpkgs_13": {
      "locked": {
        "lastModified": 1753694789,
        "narHash": "sha256-cKgvtz6fKuK1Xr5LQW/zOUiAC0oSQoA9nOISB0pJZqM=",
        "owner": "nixos",
        "repo": "nixpkgs",
        "rev": "dc9637876d0dcc8c9e5e22986b857632effeb727",
        "type": "github"
      },
      "original": {
        "owner": "nixos",
        "ref": "nixos-unstable",
        "repo": "nixpkgs",
        "type": "github"
      }
    },
    "nixpkgs_14": {
      "locked": {
        "lastModified": 1784356753,
        "narHash": "sha256-12KrbMiWLcf8m7pCvAtZh1ZrgF85ZXDXvfR/fWTKy84=",
        "owner": "nixos",
        "repo": "nixpkgs",
        "rev": "61b7c44c4073f0b827768aff0049561b5110ea5a",
        "type": "github"
      },
      "original": {
        "owner": "nixos",
        "ref": "nixos-unstable",
        "repo": "nixpkgs",
        "type": "github"
      }
    },
    "nixpkgs_15": {
      "locked": {
        "lastModified": 1783148766,
        "narHash": "sha256-H9+N+GFtsbVC8ZniHliChM7ndizxtqVZs6bnGOLM3WQ=",
        "rev": "a50de1b7d8a586adc18d2395c19de7d6058e6030",
        "type": "tarball",
        "url": "https://releases.nixos.org/nixos/26.05/nixos-26.05.4193.a50de1b7d8a5/nixexprs.tar.xz?lastModified=1783148766&rev=a50de1b7d8a586adc18d2395c19de7d6058e6030"
      },
      "original": {
        "type": "tarball",
        "url": "https://channels.nixos.org/nixos-26.05/nixexprs.tar.xz"
      }
    },
    "nixpkgs_16": {
      "locked": {
        "lastModified": 1782175435,
        "narHash": "sha256-EMzXKmnOtBQ2MnvpiNOm7E+kOMvdPrIKaeg52Tip2Uk=",
        "owner": "NixOS",
        "repo": "nixpkgs",
        "rev": "89570f24e97e614aa34aa9ab1c927b6578a43775",
        "type": "github"
      },
      "original": {
        "owner": "NixOS",
        "ref": "nixpkgs-unstable",
        "repo": "nixpkgs",
        "type": "github"
      }
    },
    "nixpkgs_17": {
      "locked": {
        "lastModified": 1761236834,
        "narHash": "sha256-+pthv6hrL5VLW2UqPdISGuLiUZ6SnAXdd2DdUE+fV2Q=",
        "owner": "nixos",
        "repo": "nixpkgs",
        "rev": "d5faa84122bc0a1fd5d378492efce4e289f8eac1",
        "type": "github"
      },
      "original": {
        "owner": "nixos",
        "ref": "nixpkgs-unstable",
        "repo": "nixpkgs",
        "type": "github"
      }
    },
    "nixpkgs_18": {
      "locked": {
        "lastModified": 1770107345,
        "narHash": "sha256-tbS0Ebx2PiA1FRW8mt8oejR0qMXmziJmPaU1d4kYY9g=",
        "owner": "nixos",
        "repo": "nixpkgs",
        "rev": "4533d9293756b63904b7238acb84ac8fe4c8c2c4",
        "type": "github"
      },
      "original": {
        "owner": "nixos",
        "ref": "nixpkgs-unstable",
        "repo": "nixpkgs",
        "type": "github"
      }
    },
    "nixpkgs_2": {
      "locked": {
        "lastModified": 1783279667,
        "narHash": "sha256-2l8yOB5aYd+05Q9V9Y1YhgbSa1j1o5QX+nvYs5FL80A=",
        "rev": "f205b5574fd0cb7da5b702a2da51507b7f4fdd1b",
        "type": "tarball",
        "url": "https://releases.nixos.org/nixpkgs/nixpkgs-26.11pre1028110.f205b5574fd0/nixexprs.tar.xz"
      },
      "original": {
        "type": "tarball",
        "url": "https://channels.nixos.org/nixpkgs-unstable/nixexprs.tar.xz"
      }
    },
    "nixpkgs_3": {
      "locked": {
        "lastModified": 1782723713,
        "narHash": "sha256-oPXCU/SSUokcGaJREHibG1CBX3+s/W7orDWQOZDsEeQ=",
        "owner": "nixos",
        "repo": "nixpkgs",
        "rev": "b5aa0fbd538984f6e3d201be0005b4463d8b09f8",
        "type": "github"
      },
      "original": {
        "owner": "nixos",
        "ref": "nixos-unstable",
        "repo": "nixpkgs",
        "type": "github"
      }
    },
    "nixpkgs_4": {
      "locked": {
        "lastModified": 1783224372,
        "narHash": "sha256-8i/87eeoqiGE4yOTjwSA3Eh/ziJRQEmd/unYU+K27sk=",
        "owner": "nixos",
        "repo": "nixpkgs",
        "rev": "d407951447dcd00442e97087bf374aad70c04cea",
        "type": "github"
      },
      "original": {
        "owner": "nixos",
        "ref": "nixos-unstable",
        "repo": "nixpkgs",
        "type": "github"
      }
    },
    "nixpkgs_5": {
      "locked": {
        "lastModified": 1783776592,
        "narHash": "sha256-+GVwKnbbSmf4cWMJyRzvw8H5yFknmkLoPD5v6snqPzo=",
        "rev": "e7a3ca8092b61ff85b6a45bf863ea2b2d6a661b3",
        "type": "tarball",
        "url": "https://releases.nixos.org/nixos/unstable/nixos-26.11pre1032869.e7a3ca8092b6/nixexprs.tar.xz"
      },
      "original": {
        "type": "tarball",
        "url": "https://channels.nixos.org/nixos-unstable/nixexprs.tar.xz"
      }
    },
    "nixpkgs_6": {
      "locked": {
        "lastModified": 1781577229,
        "narHash": "sha256-lrp67w8AulE9Ks53n27I45ADSzbOCn4H+CNW1Ck8B+8=",
        "owner": "nixos",
        "repo": "nixpkgs",
        "rev": "567a49d1913ce81ac6e9582e3553dd90a955875f",
        "type": "github"
      },
      "original": {
        "owner": "nixos",
        "repo": "nixpkgs",
        "rev": "567a49d1913ce81ac6e9582e3553dd90a955875f",
        "type": "github"
      }
    },
    "nixpkgs_7": {
      "locked": {
        "lastModified": 1780453794,
        "narHash": "sha256-bXMRa9VTsHSPXL4Cw8R6JJLQeY3Y/IP4+YJCYVmQ7FY=",
        "owner": "NixOS",
        "repo": "nixpkgs",
        "rev": "6b316287bae2ee04c9b93c8c858d930fd07d7338",
        "type": "github"
      },
      "original": {
        "owner": "NixOS",
        "ref": "nixos-26.05",
        "repo": "nixpkgs",
        "type": "github"
      }
    },
    "nixpkgs_8": {
      "locked": {
        "lastModified": 1773122722,
        "narHash": "sha256-FIqHByVqxCprNjor1NqF80F2QQoiiyqanNNefdlvOg4=",
        "owner": "NixOS",
        "repo": "nixpkgs",
        "rev": "62dc67aa6a52b4364dd75994ec00b51fbf474e50",
        "type": "github"
      },
      "original": {
        "owner": "NixOS",
        "ref": "nixos-unstable",
        "repo": "nixpkgs",
        "type": "github"
      }
    },
    "nixpkgs_9": {
      "locked": {
        "lastModified": 1763421233,
        "narHash": "sha256-Stk9ZYRkGrnnpyJ4eqt9eQtdFWRRIvMxpNRf4sIegnw=",
        "owner": "nixos",
        "repo": "nixpkgs",
        "rev": "89c2b2330e733d6cdb5eae7b899326930c2c0648",
        "type": "github"
      },
      "original": {
        "owner": "nixos",
        "ref": "nixos-unstable",
        "repo": "nixpkgs",
        "type": "github"
      }
    },
    "nur": {
      "inputs": {
        "flake-parts": "flake-parts_5",
        "nixpkgs": [
          "nixpkgs"
        ]
      },
      "locked": {
        "lastModified": 1784467214,
        "narHash": "sha256-ONvUzxVmwUAS0foql/4V4AlMdasMsUGMYT0fFfdK+jU=",
        "owner": "nix-community",
        "repo": "NUR",
        "rev": "dd8e011dd221799025c830122bd0b8572831902d",
        "type": "github"
      },
      "original": {
        "owner": "nix-community",
        "repo": "NUR",
        "type": "github"
      }
    },
    "nvf": {
      "inputs": {
        "flake-compat": "flake-compat_5",
        "mnw": "mnw",
        "nixpkgs": "nixpkgs_15"
      },
      "locked": {
        "lastModified": 1784452318,
        "narHash": "sha256-osTcEvAKdB30rUSNN0ql6I+OvKKFrzyFy/LQ+pmfZn4=",
        "owner": "notashelf",
        "repo": "nvf",
        "rev": "15802947967d6318f14029f311643e197a726a61",
        "type": "github"
      },
      "original": {
        "owner": "notashelf",
        "repo": "nvf",
        "type": "github"
      }
    },
    "optnix": {
      "inputs": {
        "flake-compat": [
          "nixos-cli",
          "flake-compat"
        ],
        "nixpkgs": [
          "nixos-cli",
          "nixpkgs"
        ]
      },
      "locked": {
        "lastModified": 1776468647,
        "narHash": "sha256-zx5O1RyRl6Fq+mvMh+JdS18aXR8644bcN9MKh2fN19M=",
        "owner": "water-sucks",
        "repo": "optnix",
        "rev": "c320dc5494c0caaca9ee4341367618c06a957709",
        "type": "github"
      },
      "original": {
        "owner": "water-sucks",
        "repo": "optnix",
        "type": "github"
      }
    },
    "plasma-manager": {
      "inputs": {
        "home-manager": [
          "home-manager"
        ],
        "nixpkgs": [
          "nixpkgs"
        ]
      },
      "locked": {
        "lastModified": 1783574839,
        "narHash": "sha256-ICof1tV4/9XheBLBGf7dhMhfMq4dOs1zwTHrr7zGFlA=",
        "owner": "nix-community",
        "repo": "plasma-manager",
        "rev": "c551f0687658e4bb699cfff6015436ad7ee57a0d",
        "type": "github"
      },
      "original": {
        "owner": "nix-community",
        "repo": "plasma-manager",
        "type": "github"
      }
    },
    "root": {
      "inputs": {
        "cachy-tweaks": "cachy-tweaks",
        "catppuccin": "catppuccin",
        "dankcalendar": "dankcalendar",
        "disko": "disko",
        "dms": "dms",
        "dms-plugin-registry": "dms-plugin-registry",
        "firefox-addons": "firefox-addons",
        "flake-parts": "flake-parts",
        "home-manager": "home-manager",
        "julius-skills": "julius-skills",
        "kopuz": "kopuz",
        "millennium": "millennium",
        "niri": "niri",
        "nix-flatpak": "nix-flatpak",
        "nix-index-database": "nix-index-database",
        "nix-mineral": "nix-mineral",
        "nix-repository": "nix-repository",
        "nix-themes": "nix-themes",
        "nix-webapps": "nix-webapps",
        "nixcord": "nixcord",
        "nixos-cli": "nixos-cli",
        "nixos-hardware": "nixos-hardware",
        "nixos-wizard": "nixos-wizard",
        "nixpkgs": "nixpkgs_14",
        "nixpkgs-stable": "nixpkgs-stable_2",
        "nur": "nur",
        "nvf": "nvf",
        "plasma-manager": "plasma-manager",
        "sops-nix": "sops-nix",
        "spicetify-nix": "spicetify-nix",
        "tmenu": "tmenu",
        "treefmt-nix": "treefmt-nix_5",
        "zen-browser": "zen-browser"
      }
    },
    "rust-analyzer-src": {
      "flake": false,
      "locked": {
        "lastModified": 1753724566,
        "narHash": "sha256-DolKhpXhoehwLX+K/4xRRIeppnJHgKk6xWJdqn/vM6w=",
        "owner": "rust-lang",
        "repo": "rust-analyzer",
        "rev": "511c999bea1c3c129b8eba713bb9b809a9003d00",
        "type": "github"
      },
      "original": {
        "owner": "rust-lang",
        "ref": "nightly",
        "repo": "rust-analyzer",
        "type": "github"
      }
    },
    "rust-overlay": {
      "inputs": {
        "nixpkgs": [
          "kopuz",
          "nixpkgs"
        ]
      },
      "locked": {
        "lastModified": 1783921439,
        "narHash": "sha256-DsSIQSRMrLOz40LrGZ03sp2RlJ9sz3wKpd8XPTOzXnw=",
        "owner": "oxalica",
        "repo": "rust-overlay",
        "rev": "e013376c32a8fcf07ddb6ec71739552bc118b7bd",
        "type": "github"
      },
      "original": {
        "owner": "oxalica",
        "repo": "rust-overlay",
        "type": "github"
      }
    },
    "sops-nix": {
      "inputs": {
        "nixpkgs": "nixpkgs_16"
      },
      "locked": {
        "lastModified": 1783174389,
        "narHash": "sha256-aCWC8ngycU7OdJrU2+Je3qf+1a2ykuBvpPhZT/9tXMc=",
        "owner": "Mic92",
        "repo": "sops-nix",
        "rev": "f1406619a3884cd5c47992a70b8b35c9c0fcb4c9",
        "type": "github"
      },
      "original": {
        "owner": "Mic92",
        "repo": "sops-nix",
        "type": "github"
      }
    },
    "spicetify-nix": {
      "inputs": {
        "nixpkgs": [
          "nixpkgs"
        ],
        "systems": "systems"
      },
      "locked": {
        "lastModified": 1784442826,
        "narHash": "sha256-oXizZ5p9MdNicgEPw7mkZD0gezVlCbgeG6aAjXpDyHA=",
        "owner": "Gerg-L",
        "repo": "spicetify-nix",
        "rev": "47c9223179f533174b719a53209aa9ab3e2f4e9c",
        "type": "github"
      },
      "original": {
        "owner": "Gerg-L",
        "repo": "spicetify-nix",
        "type": "github"
      }
    },
    "systems": {
      "locked": {
        "lastModified": 1681028828,
        "narHash": "sha256-Vy1rq5AaRuLzOxct8nz4T6wlgyUR7zLU309k9mBC768=",
        "owner": "nix-systems",
        "repo": "default",
        "rev": "da67096a3b9bf56a91d16901293e51ba5b49a27e",
        "type": "github"
      },
      "original": {
        "owner": "nix-systems",
        "repo": "default",
        "type": "github"
      }
    },
    "tmenu": {
      "inputs": {
        "nixpkgs": [
          "nixpkgs"
        ],
        "treefmt-nix": "treefmt-nix_4"
      },
      "locked": {
        "lastModified": 1776521446,
        "narHash": "sha256-cZ9nz4nlcqsPitZhP0tPYcdlqj2R4jhLWvi/uAqM62U=",
        "owner": "AniviaFlome",
        "repo": "tmenu",
        "rev": "91fc00aea6cf65674c7e451d476b3cbe1be17745",
        "type": "github"
      },
      "original": {
        "owner": "AniviaFlome",
        "repo": "tmenu",
        "type": "github"
      }
    },
    "treefmt-nix": {
      "inputs": {
        "nixpkgs": "nixpkgs"
      },
      "locked": {
        "lastModified": 1760120816,
        "narHash": "sha256-gq9rdocpmRZCwLS5vsHozwB6b5nrOBDNc2kkEaTXHfg=",
        "owner": "numtide",
        "repo": "treefmt-nix",
        "rev": "761ae7aff00907b607125b2f57338b74177697ed",
        "type": "github"
      },
      "original": {
        "owner": "numtide",
        "repo": "treefmt-nix",
        "type": "github"
      }
    },
    "treefmt-nix_2": {
      "inputs": {
        "nixpkgs": [
          "nix-repository",
          "nixpkgs"
        ]
      },
      "locked": {
        "lastModified": 1775636079,
        "narHash": "sha256-pc20NRoMdiar8oPQceQT47UUZMBTiMdUuWrYu2obUP0=",
        "owner": "numtide",
        "repo": "treefmt-nix",
        "rev": "790751ff7fd3801feeaf96d7dc416a8d581265ba",
        "type": "github"
      },
      "original": {
        "owner": "numtide",
        "repo": "treefmt-nix",
        "type": "github"
      }
    },
    "treefmt-nix_3": {
      "inputs": {
        "nixpkgs": [
          "nix-webapps",
          "nixpkgs"
        ]
      },
      "locked": {
        "lastModified": 1773297127,
        "narHash": "sha256-6E/yhXP7Oy/NbXtf1ktzmU8SdVqJQ09HC/48ebEGBpk=",
        "owner": "numtide",
        "repo": "treefmt-nix",
        "rev": "71b125cd05fbfd78cab3e070b73544abe24c5016",
        "type": "github"
      },
      "original": {
        "owner": "numtide",
        "repo": "treefmt-nix",
        "type": "github"
      }
    },
    "treefmt-nix_4": {
      "inputs": {
        "nixpkgs": "nixpkgs_17"
      },
      "locked": {
        "lastModified": 1762410071,
        "narHash": "sha256-aF5fvoZeoXNPxT0bejFUBXeUjXfHLSL7g+mjR/p5TEg=",
        "owner": "numtide",
        "repo": "treefmt-nix",
        "rev": "97a30861b13c3731a84e09405414398fbf3e109f",
        "type": "github"
      },
      "original": {
        "owner": "numtide",
        "repo": "treefmt-nix",
        "type": "github"
      }
    },
    "treefmt-nix_5": {
      "inputs": {
        "nixpkgs": "nixpkgs_18"
      },
      "locked": {
        "lastModified": 1784369104,
        "narHash": "sha256-47cxbcZODibHv3rELFQ9vZly0vUNkND/atn/U7HLeb0=",
        "owner": "numtide",
        "repo": "treefmt-nix",
        "rev": "df3c0640565d04a0261253cdd89fce78ec50168a",
        "type": "github"
      },
      "original": {
        "owner": "numtide",
        "repo": "treefmt-nix",
        "type": "github"
      }
    },
    "xwayland-satellite-stable": {
      "flake": false,
      "locked": {
        "lastModified": 1755491097,
        "narHash": "sha256-m+9tUfsmBeF2Gn4HWa6vSITZ4Gz1eA1F5Kh62B0N4oE=",
        "owner": "Supreeeme",
        "repo": "xwayland-satellite",
        "rev": "388d291e82ffbc73be18169d39470f340707edaa",
        "type": "github"
      },
      "original": {
        "owner": "Supreeeme",
        "ref": "v0.7",
        "repo": "xwayland-satellite",
        "type": "github"
      }
    },
    "xwayland-satellite-unstable": {
      "flake": false,
      "locked": {
        "lastModified": 1766429945,
        "narHash": "sha256-9Kv4gWagx/u4RfZJzBMAoagW9ava5waxd+XoTkzqF7E=",
        "owner": "Supreeeme",
        "repo": "xwayland-satellite",
        "rev": "0dde7ca1d3a8e8c5082533d76084e2aa02bef70e",
        "type": "github"
      },
      "original": {
        "owner": "Supreeeme",
        "repo": "xwayland-satellite",
        "type": "github"
      }
    },
    "zen-browser": {
      "inputs": {
        "home-manager": [
          "home-manager"
        ],
        "nixpkgs": [
          "nixpkgs"
        ]
      },
      "locked": {
        "lastModified": 1784352415,
        "narHash": "sha256-sHuh1KQopmLPWouFBYwZ5PVWj19Y4mKAjkQeQHCT3E0=",
        "owner": "0xc000022070",
        "repo": "zen-browser-flake",
        "rev": "7202b917826e2e335d9935c3a943ae18681056b1",
        "type": "github"
      },
      "original": {
        "owner": "0xc000022070",
        "repo": "zen-browser-flake",
        "type": "github"
      }
    }
  },
  "root": "root",
  "version": 7
}
